// !$*UTF8*$!
{
	archiveVersion = 1;
	classes = {
	};
	objectVersion = 54;
	objects = {

/* Begin PBXBuildFile section */
		00E356F31AD99517003FC87E /* kurrantTests.m in Sources */ = {isa = PBXBuildFile; fileRef = 00E356F21AD99517003FC87E /* kurrantTests.m */; };
		13B07FBC1A68108700A75B9A /* AppDelegate.mm in Sources */ = {isa = PBXBuildFile; fileRef = 13B07FB01A68108700A75B9A /* AppDelegate.mm */; };
		13B07FBF1A68108700A75B9A /* Images.xcassets in Resources */ = {isa = PBXBuildFile; fileRef = 13B07FB51A68108700A75B9A /* Images.xcassets */; };
		13B07FC11A68108700A75B9A /* main.m in Sources */ = {isa = PBXBuildFile; fileRef = 13B07FB71A68108700A75B9A /* main.m */; };
		29E3BDD515710F21D3495884 /* Pods_kurrant_kurrantTests.framework in Frameworks */ = {isa = PBXBuildFile; fileRef = C96797B959D0DC6DEB57BB70 /* Pods_kurrant_kurrantTests.framework */; };
		2D06190E73714727B88B24AD /* LICENSE in Resources */ = {isa = PBXBuildFile; fileRef = 0D0B237079174AF998E87B6E /* LICENSE */; };
		58C6DE8A34F648238F740925 /* Pretendard-Thin.otf in Resources */ = {isa = PBXBuildFile; fileRef = 66B03DD34E384B649F760C33 /* Pretendard-Thin.otf */; };
		5A89C246B1EC4F4F9EDFE5AE /* Pretendard-ExtraLight.otf in Resources */ = {isa = PBXBuildFile; fileRef = DCA932196CC34D13A6907957 /* Pretendard-ExtraLight.otf */; };
		75A5E33A7F7249518BFAC2B4 /* Pretendard-SemiBold.otf in Resources */ = {isa = PBXBuildFile; fileRef = E3512BD9EB304ABE80081D2B /* Pretendard-SemiBold.otf */; };
		7B0AFEAB9D30AEBA23B83233 /* Pods_kurrant.framework in Frameworks */ = {isa = PBXBuildFile; fileRef = 82311C20FA7D32FD739D4BF3 /* Pods_kurrant.framework */; };
		81AB9BB82411601600AC10FF /* LaunchScreen.storyboard in Resources */ = {isa = PBXBuildFile; fileRef = 81AB9BB72411601600AC10FF /* LaunchScreen.storyboard */; };
		94590B3B30F24F4C8152DA81 /* Pretendard-Black.otf in Resources */ = {isa = PBXBuildFile; fileRef = 9AEDF384CAA848929259B0C5 /* Pretendard-Black.otf */; };
		A6E2DF83B7D3442987129D5D /* Pretendard-Bold.otf in Resources */ = {isa = PBXBuildFile; fileRef = 763A59BDFCC64FBFBFE34199 /* Pretendard-Bold.otf */; };
		B005111A2930A11C0035F28D /* Fonts in Resources */ = {isa = PBXBuildFile; fileRef = B00511192930A11C0035F28D /* Fonts */; };
		B065B7152A1C335200C75E5A /* main.m in Resources */ = {isa = PBXBuildFile; fileRef = 13B07FB71A68108700A75B9A /* main.m */; };
		B068103B2966B4E700A4D3AB /* GoogleService-Info.plist in Resources */ = {isa = PBXBuildFile; fileRef = B068103A2966B4E700A4D3AB /* GoogleService-Info.plist */; };
		B4D2137514CC45B88DE9C20C /* Pretendard-Regular.otf in Resources */ = {isa = PBXBuildFile; fileRef = 89AB231CA7C14416B4894EA1 /* Pretendard-Regular.otf */; };
		B7DB5E91EEE741959BCEC57C /* OFL.txt in Resources */ = {isa = PBXBuildFile; fileRef = 027BC5742DEB44B788FDCD2A /* OFL.txt */; };
		D3F9877D297916AE00B61198 /* File.swift in Sources */ = {isa = PBXBuildFile; fileRef = D3F9877C297916AE00B61198 /* File.swift */; };
		E24E198112A94BC68F5DE259 /* Pretendard-Medium.otf in Resources */ = {isa = PBXBuildFile; fileRef = 0F9589E007B8423BA705319B /* Pretendard-Medium.otf */; };
		EB1E3C52F14B4D8597275DB8 /* Pretendard-Light.otf in Resources */ = {isa = PBXBuildFile; fileRef = C0A217AEDFE0481FB9F3985D /* Pretendard-Light.otf */; };
		F1AE8E106A9E4FFBB1860ED2 /* Pretendard-ExtraBold.otf in Resources */ = {isa = PBXBuildFile; fileRef = BB88AAD1C21847FB868A3C00 /* Pretendard-ExtraBold.otf */; };
		FF090BE728E2ECD900666784 /* Fontisto.ttf in Resources */ = {isa = PBXBuildFile; fileRef = FF090BD728E2ECD900666784 /* Fontisto.ttf */; };
		FF090BE828E2ECD900666784 /* FontAwesome5_Solid.ttf in Resources */ = {isa = PBXBuildFile; fileRef = FF090BD828E2ECD900666784 /* FontAwesome5_Solid.ttf */; };
		FF090BE928E2ECD900666784 /* FontAwesome.ttf in Resources */ = {isa = PBXBuildFile; fileRef = FF090BD928E2ECD900666784 /* FontAwesome.ttf */; };
		FF090BEA28E2ECD900666784 /* FontAwesome5_Regular.ttf in Resources */ = {isa = PBXBuildFile; fileRef = FF090BDA28E2ECD900666784 /* FontAwesome5_Regular.ttf */; };
		FF090BEB28E2ECD900666784 /* Octicons.ttf in Resources */ = {isa = PBXBuildFile; fileRef = FF090BDB28E2ECD900666784 /* Octicons.ttf */; };
		FF090BEC28E2ECD900666784 /* AntDesign.ttf in Resources */ = {isa = PBXBuildFile; fileRef = FF090BDC28E2ECD900666784 /* AntDesign.ttf */; };
		FF090BED28E2ECD900666784 /* Feather.ttf in Resources */ = {isa = PBXBuildFile; fileRef = FF090BDD28E2ECD900666784 /* Feather.ttf */; };
		FF090BEE28E2ECD900666784 /* SimpleLineIcons.ttf in Resources */ = {isa = PBXBuildFile; fileRef = FF090BDE28E2ECD900666784 /* SimpleLineIcons.ttf */; };
		FF090BEF28E2ECD900666784 /* Foundation.ttf in Resources */ = {isa = PBXBuildFile; fileRef = FF090BDF28E2ECD900666784 /* Foundation.ttf */; };
		FF090BF028E2ECD900666784 /* MaterialIcons.ttf in Resources */ = {isa = PBXBuildFile; fileRef = FF090BE028E2ECD900666784 /* MaterialIcons.ttf */; };
		FF090BF128E2ECD900666784 /* MaterialCommunityIcons.ttf in Resources */ = {isa = PBXBuildFile; fileRef = FF090BE128E2ECD900666784 /* MaterialCommunityIcons.ttf */; };
		FF090BF228E2ECD900666784 /* Ionicons.ttf in Resources */ = {isa = PBXBuildFile; fileRef = FF090BE228E2ECD900666784 /* Ionicons.ttf */; };
		FF090BF328E2ECD900666784 /* EvilIcons.ttf in Resources */ = {isa = PBXBuildFile; fileRef = FF090BE328E2ECD900666784 /* EvilIcons.ttf */; };
		FF090BF428E2ECD900666784 /* Entypo.ttf in Resources */ = {isa = PBXBuildFile; fileRef = FF090BE428E2ECD900666784 /* Entypo.ttf */; };
		FF090BF528E2ECD900666784 /* Zocial.ttf in Resources */ = {isa = PBXBuildFile; fileRef = FF090BE528E2ECD900666784 /* Zocial.ttf */; };
		FF090BF628E2ECD900666784 /* FontAwesome5_Brands.ttf in Resources */ = {isa = PBXBuildFile; fileRef = FF090BE628E2ECD900666784 /* FontAwesome5_Brands.ttf */; };
		FF13321428E188F200D27A78 /* images in Resources */ = {isa = PBXBuildFile; fileRef = FF13321328E188F200D27A78 /* images */; };
		FF13321828E1CC5100D27A78 /* SpoqaHanSansNeo-Bold.otf in Resources */ = {isa = PBXBuildFile; fileRef = FF13320B28E17C4500D27A78 /* SpoqaHanSansNeo-Bold.otf */; };
		FF13321928E1CC5100D27A78 /* SpoqaHanSansNeo-Light.otf in Resources */ = {isa = PBXBuildFile; fileRef = FF13320928E17C4500D27A78 /* SpoqaHanSansNeo-Light.otf */; };
		FF13321A28E1CC5100D27A78 /* SpoqaHanSansNeo-Medium.otf in Resources */ = {isa = PBXBuildFile; fileRef = FF13320D28E17C4500D27A78 /* SpoqaHanSansNeo-Medium.otf */; };
		FF13321B28E1CC5100D27A78 /* SpoqaHanSansNeo-Regular.otf in Resources */ = {isa = PBXBuildFile; fileRef = FF13320C28E17C4500D27A78 /* SpoqaHanSansNeo-Regular.otf */; };
		FF13321C28E1CC5100D27A78 /* SpoqaHanSansNeo-Thin.otf in Resources */ = {isa = PBXBuildFile; fileRef = FF13320A28E17C4500D27A78 /* SpoqaHanSansNeo-Thin.otf */; };
		FF13321D28E1CC5100D27A78 /* NotoSansKR-Black.otf in Resources */ = {isa = PBXBuildFile; fileRef = FF1331FD28E17C3800D27A78 /* NotoSansKR-Black.otf */; };
		FF13321E28E1CC5100D27A78 /* NotoSansKR-Bold.otf in Resources */ = {isa = PBXBuildFile; fileRef = FF13320028E17C3800D27A78 /* NotoSansKR-Bold.otf */; };
		FF13321F28E1CC5100D27A78 /* NotoSansKR-Light.otf in Resources */ = {isa = PBXBuildFile; fileRef = FF1331FE28E17C3800D27A78 /* NotoSansKR-Light.otf */; };
		FF13322028E1CC5100D27A78 /* NotoSansKR-Medium.otf in Resources */ = {isa = PBXBuildFile; fileRef = FF13320228E17C3800D27A78 /* NotoSansKR-Medium.otf */; };
		FF13322128E1CC5100D27A78 /* NotoSansKR-Regular.otf in Resources */ = {isa = PBXBuildFile; fileRef = FF1331FF28E17C3800D27A78 /* NotoSansKR-Regular.otf */; };
		FF13322228E1CC5100D27A78 /* NotoSansKR-Thin.otf in Resources */ = {isa = PBXBuildFile; fileRef = FF13320128E17C3800D27A78 /* NotoSansKR-Thin.otf */; };
/* End PBXBuildFile section */

/* Begin PBXContainerItemProxy section */
		00E356F41AD99517003FC87E /* PBXContainerItemProxy */ = {
			isa = PBXContainerItemProxy;
			containerPortal = 83CBB9F71A601CBA00E9B192 /* Project object */;
			proxyType = 1;
			remoteGlobalIDString = 13B07F861A680F5B00A75B9A;
			remoteInfo = kurrant;
		};
/* End PBXContainerItemProxy section */

/* Begin PBXFileReference section */
		00E356EE1AD99517003FC87E /* kurrantTests.xctest */ = {isa = PBXFileReference; explicitFileType = wrapper.cfbundle; includeInIndex = 0; path = kurrantTests.xctest; sourceTree = BUILT_PRODUCTS_DIR; };
		00E356F11AD99517003FC87E /* Info.plist */ = {isa = PBXFileReference; lastKnownFileType = text.plist.xml; path = Info.plist; sourceTree = "<group>"; };
		00E356F21AD99517003FC87E /* kurrantTests.m */ = {isa = PBXFileReference; lastKnownFileType = sourcecode.c.objc; path = kurrantTests.m; sourceTree = "<group>"; };
		020F3B9FDCAFA882FE2BA03B /* Pods-kurrant.release.xcconfig */ = {isa = PBXFileReference; includeInIndex = 1; lastKnownFileType = text.xcconfig; name = "Pods-kurrant.release.xcconfig"; path = "Target Support Files/Pods-kurrant/Pods-kurrant.release.xcconfig"; sourceTree = "<group>"; };
		027BC5742DEB44B788FDCD2A /* OFL.txt */ = {isa = PBXFileReference; explicitFileType = undefined; fileEncoding = 9; includeInIndex = 0; lastKnownFileType = unknown; name = OFL.txt; path = ../src/assets/fonts/NotoSansKR/OFL.txt; sourceTree = "<group>"; };
		0B53E625D3D715BC1D8DB757 /* Pods-kurrant-kurrantTests.release.xcconfig */ = {isa = PBXFileReference; includeInIndex = 1; lastKnownFileType = text.xcconfig; name = "Pods-kurrant-kurrantTests.release.xcconfig"; path = "Target Support Files/Pods-kurrant-kurrantTests/Pods-kurrant-kurrantTests.release.xcconfig"; sourceTree = "<group>"; };
		0D0B237079174AF998E87B6E /* LICENSE */ = {isa = PBXFileReference; explicitFileType = undefined; fileEncoding = 9; includeInIndex = 0; lastKnownFileType = unknown; name = LICENSE; path = ../src/assets/fonts/SpoqaHanSansNeo/LICENSE; sourceTree = "<group>"; };
		0F9589E007B8423BA705319B /* Pretendard-Medium.otf */ = {isa = PBXFileReference; explicitFileType = undefined; fileEncoding = 9; includeInIndex = 0; lastKnownFileType = unknown; name = "Pretendard-Medium.otf"; path = "../src/assets/fonts/Pretendard/Pretendard-Medium.otf"; sourceTree = "<group>"; };
		13B07F961A680F5B00A75B9A /* kurrant.app */ = {isa = PBXFileReference; explicitFileType = wrapper.application; includeInIndex = 0; path = kurrant.app; sourceTree = BUILT_PRODUCTS_DIR; };
		13B07FAF1A68108700A75B9A /* AppDelegate.h */ = {isa = PBXFileReference; fileEncoding = 4; lastKnownFileType = sourcecode.c.h; name = AppDelegate.h; path = kurrant/AppDelegate.h; sourceTree = "<group>"; };
		13B07FB01A68108700A75B9A /* AppDelegate.mm */ = {isa = PBXFileReference; fileEncoding = 4; lastKnownFileType = sourcecode.cpp.objcpp; name = AppDelegate.mm; path = kurrant/AppDelegate.mm; sourceTree = "<group>"; };
		13B07FB51A68108700A75B9A /* Images.xcassets */ = {isa = PBXFileReference; lastKnownFileType = folder.assetcatalog; name = Images.xcassets; path = kurrant/Images.xcassets; sourceTree = "<group>"; };
		13B07FB61A68108700A75B9A /* Info.plist */ = {isa = PBXFileReference; fileEncoding = 4; lastKnownFileType = text.plist.xml; name = Info.plist; path = kurrant/Info.plist; sourceTree = "<group>"; };
		13B07FB71A68108700A75B9A /* main.m */ = {isa = PBXFileReference; fileEncoding = 4; lastKnownFileType = sourcecode.c.objc; name = main.m; path = kurrant/main.m; sourceTree = "<group>"; };
		17D651DD60804D00B0397264 /* NotoSansKR-Light.otf */ = {isa = PBXFileReference; explicitFileType = undefined; fileEncoding = 9; includeInIndex = 0; lastKnownFileType = unknown; name = "NotoSansKR-Light.otf"; path = "../src/assets/fonts/NotoSansKR/NotoSansKR-Light.otf"; sourceTree = "<group>"; };
		1E7E70BB318E4DA3BA8AC8D8 /* NotoSansKR-Thin.otf */ = {isa = PBXFileReference; explicitFileType = undefined; fileEncoding = 9; includeInIndex = 0; lastKnownFileType = unknown; name = "NotoSansKR-Thin.otf"; path = "../src/assets/fonts/NotoSansKR/NotoSansKR-Thin.otf"; sourceTree = "<group>"; };
		22BBEF94038F490D84968664 /* NotoSansKR-Bold.otf */ = {isa = PBXFileReference; explicitFileType = undefined; fileEncoding = 9; includeInIndex = 0; lastKnownFileType = unknown; name = "NotoSansKR-Bold.otf"; path = "../src/assets/fonts/NotoSansKR/NotoSansKR-Bold.otf"; sourceTree = "<group>"; };
		2837ECA71A33470D84964E57 /* SpoqaHanSansNeo-Thin.otf */ = {isa = PBXFileReference; explicitFileType = undefined; fileEncoding = 9; includeInIndex = 0; lastKnownFileType = unknown; name = "SpoqaHanSansNeo-Thin.otf"; path = "../src/assets/fonts/SpoqaHanSansNeo/SpoqaHanSansNeo-Thin.otf"; sourceTree = "<group>"; };
		2932966F926A43E3B5928532 /* SpoqaHanSansNeo-Light.otf */ = {isa = PBXFileReference; explicitFileType = undefined; fileEncoding = 9; includeInIndex = 0; lastKnownFileType = unknown; name = "SpoqaHanSansNeo-Light.otf"; path = "../src/assets/fonts/SpoqaHanSansNeo/SpoqaHanSansNeo-Light.otf"; sourceTree = "<group>"; };
		2A7A75042A0E0348009F0DB7 /* coin.wav */ = {isa = PBXFileReference; lastKnownFileType = audio.wav; path = coin.wav; sourceTree = "<group>"; };
		2ABB8D9B2A1B4A2200E8AD46 /* Permission_Notifications.framework */ = {isa = PBXFileReference; explicitFileType = wrapper.framework; path = Permission_Notifications.framework; sourceTree = BUILT_PRODUCTS_DIR; };
		2ABB8D9D2A1B4C3A00E8AD46 /* RNPermissions.framework */ = {isa = PBXFileReference; explicitFileType = wrapper.framework; path = RNPermissions.framework; sourceTree = BUILT_PRODUCTS_DIR; };
		2F65753EC5CC2C6EADD7D024 /* Pods-kurrant.debug.xcconfig */ = {isa = PBXFileReference; includeInIndex = 1; lastKnownFileType = text.xcconfig; name = "Pods-kurrant.debug.xcconfig"; path = "Target Support Files/Pods-kurrant/Pods-kurrant.debug.xcconfig"; sourceTree = "<group>"; };
		45B4C38C57954B53A4EE52CC /* SpoqaHanSansNeo-Bold.otf */ = {isa = PBXFileReference; explicitFileType = undefined; fileEncoding = 9; includeInIndex = 0; lastKnownFileType = unknown; name = "SpoqaHanSansNeo-Bold.otf"; path = "../src/assets/fonts/SpoqaHanSansNeo/SpoqaHanSansNeo-Bold.otf"; sourceTree = "<group>"; };
		4D0BC593BCB7435DA3309760 /* SpoqaHanSansNeo-Medium.otf */ = {isa = PBXFileReference; explicitFileType = undefined; fileEncoding = 9; includeInIndex = 0; lastKnownFileType = unknown; name = "SpoqaHanSansNeo-Medium.otf"; path = "../src/assets/fonts/SpoqaHanSansNeo/SpoqaHanSansNeo-Medium.otf"; sourceTree = "<group>"; };
		66B03DD34E384B649F760C33 /* Pretendard-Thin.otf */ = {isa = PBXFileReference; explicitFileType = undefined; fileEncoding = 9; includeInIndex = 0; lastKnownFileType = unknown; name = "Pretendard-Thin.otf"; path = "../src/assets/fonts/Pretendard/Pretendard-Thin.otf"; sourceTree = "<group>"; };
		763A59BDFCC64FBFBFE34199 /* Pretendard-Bold.otf */ = {isa = PBXFileReference; explicitFileType = undefined; fileEncoding = 9; includeInIndex = 0; lastKnownFileType = unknown; name = "Pretendard-Bold.otf"; path = "../src/assets/fonts/Pretendard/Pretendard-Bold.otf"; sourceTree = "<group>"; };
		7D05C663A8354200A0685578 /* SpoqaHanSansNeo-Regular.otf */ = {isa = PBXFileReference; explicitFileType = undefined; fileEncoding = 9; includeInIndex = 0; lastKnownFileType = unknown; name = "SpoqaHanSansNeo-Regular.otf"; path = "../src/assets/fonts/SpoqaHanSansNeo/SpoqaHanSansNeo-Regular.otf"; sourceTree = "<group>"; };
		81AB9BB72411601600AC10FF /* LaunchScreen.storyboard */ = {isa = PBXFileReference; fileEncoding = 4; lastKnownFileType = file.storyboard; name = LaunchScreen.storyboard; path = kurrant/LaunchScreen.storyboard; sourceTree = "<group>"; };
		82311C20FA7D32FD739D4BF3 /* Pods_kurrant.framework */ = {isa = PBXFileReference; explicitFileType = wrapper.framework; includeInIndex = 0; path = Pods_kurrant.framework; sourceTree = BUILT_PRODUCTS_DIR; };
		89AB231CA7C14416B4894EA1 /* Pretendard-Regular.otf */ = {isa = PBXFileReference; explicitFileType = undefined; fileEncoding = 9; includeInIndex = 0; lastKnownFileType = unknown; name = "Pretendard-Regular.otf"; path = "../src/assets/fonts/Pretendard/Pretendard-Regular.otf"; sourceTree = "<group>"; };
		8BD4AAD300C6DC092DDF7D69 /* Pods-kurrant-kurrantTests.debug.xcconfig */ = {isa = PBXFileReference; includeInIndex = 1; lastKnownFileType = text.xcconfig; name = "Pods-kurrant-kurrantTests.debug.xcconfig"; path = "Target Support Files/Pods-kurrant-kurrantTests/Pods-kurrant-kurrantTests.debug.xcconfig"; sourceTree = "<group>"; };
		8EFB8BA498F1484783504702 /* NotoSansKR-Black.otf */ = {isa = PBXFileReference; explicitFileType = undefined; fileEncoding = 9; includeInIndex = 0; lastKnownFileType = unknown; name = "NotoSansKR-Black.otf"; path = "../src/assets/fonts/NotoSansKR/NotoSansKR-Black.otf"; sourceTree = "<group>"; };
		9AEDF384CAA848929259B0C5 /* Pretendard-Black.otf */ = {isa = PBXFileReference; explicitFileType = undefined; fileEncoding = 9; includeInIndex = 0; lastKnownFileType = unknown; name = "Pretendard-Black.otf"; path = "../src/assets/fonts/Pretendard/Pretendard-Black.otf"; sourceTree = "<group>"; };
		A176505381824262A03659BF /* NotoSansKR-Regular.otf */ = {isa = PBXFileReference; explicitFileType = undefined; fileEncoding = 9; includeInIndex = 0; lastKnownFileType = unknown; name = "NotoSansKR-Regular.otf"; path = "../src/assets/fonts/NotoSansKR/NotoSansKR-Regular.otf"; sourceTree = "<group>"; };
		B00511192930A11C0035F28D /* Fonts */ = {isa = PBXFileReference; lastKnownFileType = folder; path = Fonts; sourceTree = "<group>"; };
		B068103A2966B4E700A4D3AB /* GoogleService-Info.plist */ = {isa = PBXFileReference; fileEncoding = 4; lastKnownFileType = text.plist.xml; name = "GoogleService-Info.plist"; path = "kurrant/GoogleService-Info.plist"; sourceTree = "<group>"; };
		BB88AAD1C21847FB868A3C00 /* Pretendard-ExtraBold.otf */ = {isa = PBXFileReference; explicitFileType = undefined; fileEncoding = 9; includeInIndex = 0; lastKnownFileType = unknown; name = "Pretendard-ExtraBold.otf"; path = "../src/assets/fonts/Pretendard/Pretendard-ExtraBold.otf"; sourceTree = "<group>"; };
		C0A217AEDFE0481FB9F3985D /* Pretendard-Light.otf */ = {isa = PBXFileReference; explicitFileType = undefined; fileEncoding = 9; includeInIndex = 0; lastKnownFileType = unknown; name = "Pretendard-Light.otf"; path = "../src/assets/fonts/Pretendard/Pretendard-Light.otf"; sourceTree = "<group>"; };
		C96797B959D0DC6DEB57BB70 /* Pods_kurrant_kurrantTests.framework */ = {isa = PBXFileReference; explicitFileType = wrapper.framework; includeInIndex = 0; path = Pods_kurrant_kurrantTests.framework; sourceTree = BUILT_PRODUCTS_DIR; };
		D35B52932963C45A00368C90 /* GoogleService-Info.plist */ = {isa = PBXFileReference; lastKnownFileType = text.plist.xml; path = "GoogleService-Info.plist"; sourceTree = "<group>"; };
		D3B3EB672977DB7A000B91E6 /* kurrant.entitlements */ = {isa = PBXFileReference; lastKnownFileType = text.plist.entitlements; name = kurrant.entitlements; path = kurrant/kurrant.entitlements; sourceTree = "<group>"; };
		D3F9877B297916AD00B61198 /* kurrant-Bridging-Header.h */ = {isa = PBXFileReference; lastKnownFileType = sourcecode.c.h; path = "kurrant-Bridging-Header.h"; sourceTree = "<group>"; };
		D3F9877C297916AE00B61198 /* File.swift */ = {isa = PBXFileReference; lastKnownFileType = sourcecode.swift; path = File.swift; sourceTree = "<group>"; };
		DCA932196CC34D13A6907957 /* Pretendard-ExtraLight.otf */ = {isa = PBXFileReference; explicitFileType = undefined; fileEncoding = 9; includeInIndex = 0; lastKnownFileType = unknown; name = "Pretendard-ExtraLight.otf"; path = "../src/assets/fonts/Pretendard/Pretendard-ExtraLight.otf"; sourceTree = "<group>"; };
		E33CACEF1B17F39A368C45E0 /* Pods-kurrant.staging.xcconfig */ = {isa = PBXFileReference; includeInIndex = 1; lastKnownFileType = text.xcconfig; name = "Pods-kurrant.staging.xcconfig"; path = "Target Support Files/Pods-kurrant/Pods-kurrant.staging.xcconfig"; sourceTree = "<group>"; };
		E3512BD9EB304ABE80081D2B /* Pretendard-SemiBold.otf */ = {isa = PBXFileReference; explicitFileType = undefined; fileEncoding = 9; includeInIndex = 0; lastKnownFileType = unknown; name = "Pretendard-SemiBold.otf"; path = "../src/assets/fonts/Pretendard/Pretendard-SemiBold.otf"; sourceTree = "<group>"; };
		ED297162215061F000B7C4FE /* JavaScriptCore.framework */ = {isa = PBXFileReference; lastKnownFileType = wrapper.framework; name = JavaScriptCore.framework; path = System/Library/Frameworks/JavaScriptCore.framework; sourceTree = SDKROOT; };
		F0A758276BF445D0B5CA0265 /* NotoSansKR-Medium.otf */ = {isa = PBXFileReference; explicitFileType = undefined; fileEncoding = 9; includeInIndex = 0; lastKnownFileType = unknown; name = "NotoSansKR-Medium.otf"; path = "../src/assets/fonts/NotoSansKR/NotoSansKR-Medium.otf"; sourceTree = "<group>"; };
		F6AA365D32A09E1D7638A3F4 /* Pods-kurrant-kurrantTests.staging.xcconfig */ = {isa = PBXFileReference; includeInIndex = 1; lastKnownFileType = text.xcconfig; name = "Pods-kurrant-kurrantTests.staging.xcconfig"; path = "Target Support Files/Pods-kurrant-kurrantTests/Pods-kurrant-kurrantTests.staging.xcconfig"; sourceTree = "<group>"; };
		FF090BD728E2ECD900666784 /* Fontisto.ttf */ = {isa = PBXFileReference; lastKnownFileType = text; name = Fontisto.ttf; path = "../node_modules/react-native-vector-icons/Fonts/Fontisto.ttf"; sourceTree = "<group>"; };
		FF090BD828E2ECD900666784 /* FontAwesome5_Solid.ttf */ = {isa = PBXFileReference; lastKnownFileType = text; name = FontAwesome5_Solid.ttf; path = "../node_modules/react-native-vector-icons/Fonts/FontAwesome5_Solid.ttf"; sourceTree = "<group>"; };
		FF090BD928E2ECD900666784 /* FontAwesome.ttf */ = {isa = PBXFileReference; lastKnownFileType = text; name = FontAwesome.ttf; path = "../node_modules/react-native-vector-icons/Fonts/FontAwesome.ttf"; sourceTree = "<group>"; };
		FF090BDA28E2ECD900666784 /* FontAwesome5_Regular.ttf */ = {isa = PBXFileReference; lastKnownFileType = text; name = FontAwesome5_Regular.ttf; path = "../node_modules/react-native-vector-icons/Fonts/FontAwesome5_Regular.ttf"; sourceTree = "<group>"; };
		FF090BDB28E2ECD900666784 /* Octicons.ttf */ = {isa = PBXFileReference; lastKnownFileType = text; name = Octicons.ttf; path = "../node_modules/react-native-vector-icons/Fonts/Octicons.ttf"; sourceTree = "<group>"; };
		FF090BDC28E2ECD900666784 /* AntDesign.ttf */ = {isa = PBXFileReference; lastKnownFileType = text; name = AntDesign.ttf; path = "../node_modules/react-native-vector-icons/Fonts/AntDesign.ttf"; sourceTree = "<group>"; };
		FF090BDD28E2ECD900666784 /* Feather.ttf */ = {isa = PBXFileReference; lastKnownFileType = text; name = Feather.ttf; path = "../node_modules/react-native-vector-icons/Fonts/Feather.ttf"; sourceTree = "<group>"; };
		FF090BDE28E2ECD900666784 /* SimpleLineIcons.ttf */ = {isa = PBXFileReference; lastKnownFileType = text; name = SimpleLineIcons.ttf; path = "../node_modules/react-native-vector-icons/Fonts/SimpleLineIcons.ttf"; sourceTree = "<group>"; };
		FF090BDF28E2ECD900666784 /* Foundation.ttf */ = {isa = PBXFileReference; lastKnownFileType = text; name = Foundation.ttf; path = "../node_modules/react-native-vector-icons/Fonts/Foundation.ttf"; sourceTree = "<group>"; };
		FF090BE028E2ECD900666784 /* MaterialIcons.ttf */ = {isa = PBXFileReference; lastKnownFileType = text; name = MaterialIcons.ttf; path = "../node_modules/react-native-vector-icons/Fonts/MaterialIcons.ttf"; sourceTree = "<group>"; };
		FF090BE128E2ECD900666784 /* MaterialCommunityIcons.ttf */ = {isa = PBXFileReference; lastKnownFileType = text; name = MaterialCommunityIcons.ttf; path = "../node_modules/react-native-vector-icons/Fonts/MaterialCommunityIcons.ttf"; sourceTree = "<group>"; };
		FF090BE228E2ECD900666784 /* Ionicons.ttf */ = {isa = PBXFileReference; lastKnownFileType = text; name = Ionicons.ttf; path = "../node_modules/react-native-vector-icons/Fonts/Ionicons.ttf"; sourceTree = "<group>"; };
		FF090BE328E2ECD900666784 /* EvilIcons.ttf */ = {isa = PBXFileReference; lastKnownFileType = text; name = EvilIcons.ttf; path = "../node_modules/react-native-vector-icons/Fonts/EvilIcons.ttf"; sourceTree = "<group>"; };
		FF090BE428E2ECD900666784 /* Entypo.ttf */ = {isa = PBXFileReference; lastKnownFileType = text; name = Entypo.ttf; path = "../node_modules/react-native-vector-icons/Fonts/Entypo.ttf"; sourceTree = "<group>"; };
		FF090BE528E2ECD900666784 /* Zocial.ttf */ = {isa = PBXFileReference; lastKnownFileType = text; name = Zocial.ttf; path = "../node_modules/react-native-vector-icons/Fonts/Zocial.ttf"; sourceTree = "<group>"; };
		FF090BE628E2ECD900666784 /* FontAwesome5_Brands.ttf */ = {isa = PBXFileReference; lastKnownFileType = text; name = FontAwesome5_Brands.ttf; path = "../node_modules/react-native-vector-icons/Fonts/FontAwesome5_Brands.ttf"; sourceTree = "<group>"; };
		FF1331DD28E17BDC00D27A78 /* Fontisto.ttf */ = {isa = PBXFileReference; lastKnownFileType = text; path = Fontisto.ttf; sourceTree = "<group>"; };
		FF1331DE28E17BDC00D27A78 /* Octicons.ttf */ = {isa = PBXFileReference; lastKnownFileType = text; path = Octicons.ttf; sourceTree = "<group>"; };
		FF1331DF28E17BDC00D27A78 /* Feather.ttf */ = {isa = PBXFileReference; lastKnownFileType = text; path = Feather.ttf; sourceTree = "<group>"; };
		FF1331E028E17BDC00D27A78 /* Entypo.ttf */ = {isa = PBXFileReference; lastKnownFileType = text; path = Entypo.ttf; sourceTree = "<group>"; };
		FF1331E128E17BDC00D27A78 /* FontAwesome5_Brands.ttf */ = {isa = PBXFileReference; lastKnownFileType = text; path = FontAwesome5_Brands.ttf; sourceTree = "<group>"; };
		FF1331E228E17BDC00D27A78 /* MaterialCommunityIcons.ttf */ = {isa = PBXFileReference; lastKnownFileType = text; path = MaterialCommunityIcons.ttf; sourceTree = "<group>"; };
		FF1331E328E17BDC00D27A78 /* AntDesign.ttf */ = {isa = PBXFileReference; lastKnownFileType = text; path = AntDesign.ttf; sourceTree = "<group>"; };
		FF1331E428E17BDC00D27A78 /* Foundation.ttf */ = {isa = PBXFileReference; lastKnownFileType = text; path = Foundation.ttf; sourceTree = "<group>"; };
		FF1331E528E17BDC00D27A78 /* Ionicons.ttf */ = {isa = PBXFileReference; lastKnownFileType = text; path = Ionicons.ttf; sourceTree = "<group>"; };
		FF1331E628E17BDC00D27A78 /* FontAwesome5_Solid.ttf */ = {isa = PBXFileReference; lastKnownFileType = text; path = FontAwesome5_Solid.ttf; sourceTree = "<group>"; };
		FF1331E728E17BDC00D27A78 /* FontAwesome5_Regular.ttf */ = {isa = PBXFileReference; lastKnownFileType = text; path = FontAwesome5_Regular.ttf; sourceTree = "<group>"; };
		FF1331E828E17BDC00D27A78 /* FontAwesome.ttf */ = {isa = PBXFileReference; lastKnownFileType = text; path = FontAwesome.ttf; sourceTree = "<group>"; };
		FF1331E928E17BDC00D27A78 /* Zocial.ttf */ = {isa = PBXFileReference; lastKnownFileType = text; path = Zocial.ttf; sourceTree = "<group>"; };
		FF1331EA28E17BDC00D27A78 /* EvilIcons.ttf */ = {isa = PBXFileReference; lastKnownFileType = text; path = EvilIcons.ttf; sourceTree = "<group>"; };
		FF1331EB28E17BDC00D27A78 /* SimpleLineIcons.ttf */ = {isa = PBXFileReference; lastKnownFileType = text; path = SimpleLineIcons.ttf; sourceTree = "<group>"; };
		FF1331EC28E17BDC00D27A78 /* MaterialIcons.ttf */ = {isa = PBXFileReference; lastKnownFileType = text; path = MaterialIcons.ttf; sourceTree = "<group>"; };
		FF1331FD28E17C3800D27A78 /* NotoSansKR-Black.otf */ = {isa = PBXFileReference; lastKnownFileType = text; name = "NotoSansKR-Black.otf"; path = "../../../src/assets/fonts/NotoSansKR/NotoSansKR-Black.otf"; sourceTree = "<group>"; };
		FF1331FE28E17C3800D27A78 /* NotoSansKR-Light.otf */ = {isa = PBXFileReference; lastKnownFileType = text; name = "NotoSansKR-Light.otf"; path = "../../../src/assets/fonts/NotoSansKR/NotoSansKR-Light.otf"; sourceTree = "<group>"; };
		FF1331FF28E17C3800D27A78 /* NotoSansKR-Regular.otf */ = {isa = PBXFileReference; lastKnownFileType = text; name = "NotoSansKR-Regular.otf"; path = "../../../src/assets/fonts/NotoSansKR/NotoSansKR-Regular.otf"; sourceTree = "<group>"; };
		FF13320028E17C3800D27A78 /* NotoSansKR-Bold.otf */ = {isa = PBXFileReference; lastKnownFileType = text; name = "NotoSansKR-Bold.otf"; path = "../../../src/assets/fonts/NotoSansKR/NotoSansKR-Bold.otf"; sourceTree = "<group>"; };
		FF13320128E17C3800D27A78 /* NotoSansKR-Thin.otf */ = {isa = PBXFileReference; lastKnownFileType = text; name = "NotoSansKR-Thin.otf"; path = "../../../src/assets/fonts/NotoSansKR/NotoSansKR-Thin.otf"; sourceTree = "<group>"; };
		FF13320228E17C3800D27A78 /* NotoSansKR-Medium.otf */ = {isa = PBXFileReference; lastKnownFileType = text; name = "NotoSansKR-Medium.otf"; path = "../../../src/assets/fonts/NotoSansKR/NotoSansKR-Medium.otf"; sourceTree = "<group>"; };
		FF13320928E17C4500D27A78 /* SpoqaHanSansNeo-Light.otf */ = {isa = PBXFileReference; lastKnownFileType = text; name = "SpoqaHanSansNeo-Light.otf"; path = "../../../src/assets/fonts/SpoqaHanSansNeo/SpoqaHanSansNeo-Light.otf"; sourceTree = "<group>"; };
		FF13320A28E17C4500D27A78 /* SpoqaHanSansNeo-Thin.otf */ = {isa = PBXFileReference; lastKnownFileType = text; name = "SpoqaHanSansNeo-Thin.otf"; path = "../../../src/assets/fonts/SpoqaHanSansNeo/SpoqaHanSansNeo-Thin.otf"; sourceTree = "<group>"; };
		FF13320B28E17C4500D27A78 /* SpoqaHanSansNeo-Bold.otf */ = {isa = PBXFileReference; lastKnownFileType = text; name = "SpoqaHanSansNeo-Bold.otf"; path = "../../../src/assets/fonts/SpoqaHanSansNeo/SpoqaHanSansNeo-Bold.otf"; sourceTree = "<group>"; };
		FF13320C28E17C4500D27A78 /* SpoqaHanSansNeo-Regular.otf */ = {isa = PBXFileReference; lastKnownFileType = text; name = "SpoqaHanSansNeo-Regular.otf"; path = "../../../src/assets/fonts/SpoqaHanSansNeo/SpoqaHanSansNeo-Regular.otf"; sourceTree = "<group>"; };
		FF13320D28E17C4500D27A78 /* SpoqaHanSansNeo-Medium.otf */ = {isa = PBXFileReference; lastKnownFileType = text; name = "SpoqaHanSansNeo-Medium.otf"; path = "../../../src/assets/fonts/SpoqaHanSansNeo/SpoqaHanSansNeo-Medium.otf"; sourceTree = "<group>"; };
		FF13321328E188F200D27A78 /* images */ = {isa = PBXFileReference; lastKnownFileType = folder; name = images; path = ../src/assets/images; sourceTree = "<group>"; };
		FF13321528E1C79B00D27A78 /* fonts */ = {isa = PBXFileReference; lastKnownFileType = folder; name = fonts; path = ../src/assets/fonts; sourceTree = "<group>"; };
/* End PBXFileReference section */

/* Begin PBXFrameworksBuildPhase section */
		00E356EB1AD99517003FC87E /* Frameworks */ = {
			isa = PBXFrameworksBuildPhase;
			buildActionMask = 2147483647;
			files = (
				29E3BDD515710F21D3495884 /* Pods_kurrant_kurrantTests.framework in Frameworks */,
			);
			runOnlyForDeploymentPostprocessing = 0;
		};
		13B07F8C1A680F5B00A75B9A /* Frameworks */ = {
			isa = PBXFrameworksBuildPhase;
			buildActionMask = 2147483647;
			files = (
				7B0AFEAB9D30AEBA23B83233 /* Pods_kurrant.framework in Frameworks */,
			);
			runOnlyForDeploymentPostprocessing = 0;
		};
/* End PBXFrameworksBuildPhase section */

/* Begin PBXGroup section */
		00E356EF1AD99517003FC87E /* kurrantTests */ = {
			isa = PBXGroup;
			children = (
				00E356F21AD99517003FC87E /* kurrantTests.m */,
				00E356F01AD99517003FC87E /* Supporting Files */,
			);
			path = kurrantTests;
			sourceTree = "<group>";
		};
		00E356F01AD99517003FC87E /* Supporting Files */ = {
			isa = PBXGroup;
			children = (
				00E356F11AD99517003FC87E /* Info.plist */,
			);
			name = "Supporting Files";
			sourceTree = "<group>";
		};
		13B07FAE1A68108700A75B9A /* kurrant */ = {
			isa = PBXGroup;
			children = (
				D3B3EB672977DB7A000B91E6 /* kurrant.entitlements */,
				D35B52932963C45A00368C90 /* GoogleService-Info.plist */,
				FF1331DC28E17BDC00D27A78 /* Fonts */,
				13B07FAF1A68108700A75B9A /* AppDelegate.h */,
				13B07FB01A68108700A75B9A /* AppDelegate.mm */,
				13B07FB51A68108700A75B9A /* Images.xcassets */,
				13B07FB61A68108700A75B9A /* Info.plist */,
				81AB9BB72411601600AC10FF /* LaunchScreen.storyboard */,
				13B07FB71A68108700A75B9A /* main.m */,
			);
			name = kurrant;
			sourceTree = "<group>";
		};
		2A7A75032A0E0343009F0DB7 /* sounds */ = {
			isa = PBXGroup;
			children = (
				2A7A75042A0E0348009F0DB7 /* coin.wav */,
			);
			path = sounds;
			sourceTree = "<group>";
		};
		2D16E6871FA4F8E400B85C8A /* Frameworks */ = {
			isa = PBXGroup;
			children = (
				2ABB8D9D2A1B4C3A00E8AD46 /* RNPermissions.framework */,
				2ABB8D9B2A1B4A2200E8AD46 /* Permission_Notifications.framework */,
				ED297162215061F000B7C4FE /* JavaScriptCore.framework */,
				82311C20FA7D32FD739D4BF3 /* Pods_kurrant.framework */,
				C96797B959D0DC6DEB57BB70 /* Pods_kurrant_kurrantTests.framework */,
			);
			name = Frameworks;
			sourceTree = "<group>";
		};
		832341AE1AAA6A7D00B99B32 /* Libraries */ = {
			isa = PBXGroup;
			children = (
			);
			name = Libraries;
			sourceTree = "<group>";
		};
		83CBB9F61A601CBA00E9B192 = {
			isa = PBXGroup;
			children = (
				2A7A75032A0E0343009F0DB7 /* sounds */,
				D3F9877C297916AE00B61198 /* File.swift */,
				B00511192930A11C0035F28D /* Fonts */,
				FF090BDC28E2ECD900666784 /* AntDesign.ttf */,
				FF090BE428E2ECD900666784 /* Entypo.ttf */,
				FF090BE328E2ECD900666784 /* EvilIcons.ttf */,
				FF090BDD28E2ECD900666784 /* Feather.ttf */,
				FF090BD928E2ECD900666784 /* FontAwesome.ttf */,
				FF090BE628E2ECD900666784 /* FontAwesome5_Brands.ttf */,
				FF090BDA28E2ECD900666784 /* FontAwesome5_Regular.ttf */,
				FF090BD828E2ECD900666784 /* FontAwesome5_Solid.ttf */,
				FF090BD728E2ECD900666784 /* Fontisto.ttf */,
				FF090BDF28E2ECD900666784 /* Foundation.ttf */,
				FF090BE228E2ECD900666784 /* Ionicons.ttf */,
				FF090BE128E2ECD900666784 /* MaterialCommunityIcons.ttf */,
				FF090BE028E2ECD900666784 /* MaterialIcons.ttf */,
				FF090BDB28E2ECD900666784 /* Octicons.ttf */,
				FF090BDE28E2ECD900666784 /* SimpleLineIcons.ttf */,
				FF090BE528E2ECD900666784 /* Zocial.ttf */,
				FF13321528E1C79B00D27A78 /* fonts */,
				FF13321328E188F200D27A78 /* images */,
				13B07FAE1A68108700A75B9A /* kurrant */,
				832341AE1AAA6A7D00B99B32 /* Libraries */,
				00E356EF1AD99517003FC87E /* kurrantTests */,
				83CBBA001A601CBA00E9B192 /* Products */,
				2D16E6871FA4F8E400B85C8A /* Frameworks */,
				BBD78D7AC51CEA395F1C20DB /* Pods */,
				D12D4AE88C0F415484ECEB94 /* Resources */,
				D3DB00FC2970EB6500652E32 /* Recovered References */,
				D3F9877B297916AD00B61198 /* kurrant-Bridging-Header.h */,
			);
			indentWidth = 2;
			sourceTree = "<group>";
			tabWidth = 2;
			usesTabs = 0;
		};
		83CBBA001A601CBA00E9B192 /* Products */ = {
			isa = PBXGroup;
			children = (
				13B07F961A680F5B00A75B9A /* kurrant.app */,
				00E356EE1AD99517003FC87E /* kurrantTests.xctest */,
			);
			name = Products;
			sourceTree = "<group>";
		};
		BBD78D7AC51CEA395F1C20DB /* Pods */ = {
			isa = PBXGroup;
			children = (
				2F65753EC5CC2C6EADD7D024 /* Pods-kurrant.debug.xcconfig */,
				020F3B9FDCAFA882FE2BA03B /* Pods-kurrant.release.xcconfig */,
				E33CACEF1B17F39A368C45E0 /* Pods-kurrant.staging.xcconfig */,
				8BD4AAD300C6DC092DDF7D69 /* Pods-kurrant-kurrantTests.debug.xcconfig */,
				0B53E625D3D715BC1D8DB757 /* Pods-kurrant-kurrantTests.release.xcconfig */,
				F6AA365D32A09E1D7638A3F4 /* Pods-kurrant-kurrantTests.staging.xcconfig */,
			);
			path = Pods;
			sourceTree = "<group>";
		};
		D12D4AE88C0F415484ECEB94 /* Resources */ = {
			isa = PBXGroup;
			children = (
				8EFB8BA498F1484783504702 /* NotoSansKR-Black.otf */,
				22BBEF94038F490D84968664 /* NotoSansKR-Bold.otf */,
				17D651DD60804D00B0397264 /* NotoSansKR-Light.otf */,
				F0A758276BF445D0B5CA0265 /* NotoSansKR-Medium.otf */,
				A176505381824262A03659BF /* NotoSansKR-Regular.otf */,
				1E7E70BB318E4DA3BA8AC8D8 /* NotoSansKR-Thin.otf */,
				9AEDF384CAA848929259B0C5 /* Pretendard-Black.otf */,
				763A59BDFCC64FBFBFE34199 /* Pretendard-Bold.otf */,
				BB88AAD1C21847FB868A3C00 /* Pretendard-ExtraBold.otf */,
				DCA932196CC34D13A6907957 /* Pretendard-ExtraLight.otf */,
				C0A217AEDFE0481FB9F3985D /* Pretendard-Light.otf */,
				0F9589E007B8423BA705319B /* Pretendard-Medium.otf */,
				89AB231CA7C14416B4894EA1 /* Pretendard-Regular.otf */,
				E3512BD9EB304ABE80081D2B /* Pretendard-SemiBold.otf */,
				66B03DD34E384B649F760C33 /* Pretendard-Thin.otf */,
				45B4C38C57954B53A4EE52CC /* SpoqaHanSansNeo-Bold.otf */,
				2932966F926A43E3B5928532 /* SpoqaHanSansNeo-Light.otf */,
				4D0BC593BCB7435DA3309760 /* SpoqaHanSansNeo-Medium.otf */,
				7D05C663A8354200A0685578 /* SpoqaHanSansNeo-Regular.otf */,
				2837ECA71A33470D84964E57 /* SpoqaHanSansNeo-Thin.otf */,
				027BC5742DEB44B788FDCD2A /* OFL.txt */,
				0D0B237079174AF998E87B6E /* LICENSE */,
			);
			name = Resources;
			sourceTree = "<group>";
		};
		D3DB00FC2970EB6500652E32 /* Recovered References */ = {
			isa = PBXGroup;
			children = (
				B068103A2966B4E700A4D3AB /* GoogleService-Info.plist */,
			);
			name = "Recovered References";
			sourceTree = "<group>";
		};
		FF1331DC28E17BDC00D27A78 /* Fonts */ = {
			isa = PBXGroup;
			children = (
				FF13320B28E17C4500D27A78 /* SpoqaHanSansNeo-Bold.otf */,
				FF13320928E17C4500D27A78 /* SpoqaHanSansNeo-Light.otf */,
				FF13320D28E17C4500D27A78 /* SpoqaHanSansNeo-Medium.otf */,
				FF13320C28E17C4500D27A78 /* SpoqaHanSansNeo-Regular.otf */,
				FF13320A28E17C4500D27A78 /* SpoqaHanSansNeo-Thin.otf */,
				FF1331FD28E17C3800D27A78 /* NotoSansKR-Black.otf */,
				FF13320028E17C3800D27A78 /* NotoSansKR-Bold.otf */,
				FF1331FE28E17C3800D27A78 /* NotoSansKR-Light.otf */,
				FF13320228E17C3800D27A78 /* NotoSansKR-Medium.otf */,
				FF1331FF28E17C3800D27A78 /* NotoSansKR-Regular.otf */,
				FF13320128E17C3800D27A78 /* NotoSansKR-Thin.otf */,
				FF1331DD28E17BDC00D27A78 /* Fontisto.ttf */,
				FF1331DE28E17BDC00D27A78 /* Octicons.ttf */,
				FF1331DF28E17BDC00D27A78 /* Feather.ttf */,
				FF1331E028E17BDC00D27A78 /* Entypo.ttf */,
				FF1331E128E17BDC00D27A78 /* FontAwesome5_Brands.ttf */,
				FF1331E228E17BDC00D27A78 /* MaterialCommunityIcons.ttf */,
				FF1331E328E17BDC00D27A78 /* AntDesign.ttf */,
				FF1331E428E17BDC00D27A78 /* Foundation.ttf */,
				FF1331E528E17BDC00D27A78 /* Ionicons.ttf */,
				FF1331E628E17BDC00D27A78 /* FontAwesome5_Solid.ttf */,
				FF1331E728E17BDC00D27A78 /* FontAwesome5_Regular.ttf */,
				FF1331E828E17BDC00D27A78 /* FontAwesome.ttf */,
				FF1331E928E17BDC00D27A78 /* Zocial.ttf */,
				FF1331EA28E17BDC00D27A78 /* EvilIcons.ttf */,
				FF1331EB28E17BDC00D27A78 /* SimpleLineIcons.ttf */,
				FF1331EC28E17BDC00D27A78 /* MaterialIcons.ttf */,
			);
			name = Fonts;
			path = "../node_modules/react-native-vector-icons/Fonts";
			sourceTree = "<group>";
		};
/* End PBXGroup section */

/* Begin PBXNativeTarget section */
		00E356ED1AD99517003FC87E /* kurrantTests */ = {
			isa = PBXNativeTarget;
			buildConfigurationList = 00E357021AD99517003FC87E /* Build configuration list for PBXNativeTarget "kurrantTests" */;
			buildPhases = (
				B002D6B4099FAFE9463EE8CD /* [CP] Check Pods Manifest.lock */,
				00E356EA1AD99517003FC87E /* Sources */,
				00E356EB1AD99517003FC87E /* Frameworks */,
				00E356EC1AD99517003FC87E /* Resources */,
				B4922D03BE3BFA0A5F75E3C1 /* [CP] Embed Pods Frameworks */,
				73DB34449DD5A6690F55A8A0 /* [CP] Copy Pods Resources */,
			);
			buildRules = (
			);
			dependencies = (
				00E356F51AD99517003FC87E /* PBXTargetDependency */,
			);
			name = kurrantTests;
			productName = kurrantTests;
			productReference = 00E356EE1AD99517003FC87E /* kurrantTests.xctest */;
			productType = "com.apple.product-type.bundle.unit-test";
		};
		13B07F861A680F5B00A75B9A /* kurrant */ = {
			isa = PBXNativeTarget;
			buildConfigurationList = 13B07F931A680F5B00A75B9A /* Build configuration list for PBXNativeTarget "kurrant" */;
			buildPhases = (
				8C637D826AAAD71F34664F77 /* [CP] Check Pods Manifest.lock */,
				FD10A7F022414F080027D42C /* Start Packager */,
				13B07F871A680F5B00A75B9A /* Sources */,
				13B07F8C1A680F5B00A75B9A /* Frameworks */,
				13B07F8E1A680F5B00A75B9A /* Resources */,
				00DD1BFF1BD5951E006B06BC /* Bundle React Native code and images */,
				6EFACBF9D8AF7583140EBC9D /* [CP] Embed Pods Frameworks */,
				F72C8B0650E50C7551ADEC60 /* [CP] Copy Pods Resources */,
				934BBA6C7D0CC9EB45B9A2F6 /* [CP-User] [RNFB] Core Configuration */,
			);
			buildRules = (
			);
			dependencies = (
			);
			name = kurrant;
			productName = kurrant;
			productReference = 13B07F961A680F5B00A75B9A /* kurrant.app */;
			productType = "com.apple.product-type.application";
		};
/* End PBXNativeTarget section */

/* Begin PBXProject section */
		83CBB9F71A601CBA00E9B192 /* Project object */ = {
			isa = PBXProject;
			attributes = {
				LastUpgradeCheck = 1410;
				TargetAttributes = {
					00E356ED1AD99517003FC87E = {
						CreatedOnToolsVersion = 6.2;
						TestTargetID = 13B07F861A680F5B00A75B9A;
					};
					13B07F861A680F5B00A75B9A = {
						LastSwiftMigration = 1410;
					};
				};
			};
			buildConfigurationList = 83CBB9FA1A601CBA00E9B192 /* Build configuration list for PBXProject "kurrant" */;
			compatibilityVersion = "Xcode 12.0";
			developmentRegion = en;
			hasScannedForEncodings = 0;
			knownRegions = (
				en,
				Base,
			);
			mainGroup = 83CBB9F61A601CBA00E9B192;
			productRefGroup = 83CBBA001A601CBA00E9B192 /* Products */;
			projectDirPath = "";
			projectRoot = "";
			targets = (
				13B07F861A680F5B00A75B9A /* kurrant */,
				00E356ED1AD99517003FC87E /* kurrantTests */,
			);
		};
/* End PBXProject section */

/* Begin PBXResourcesBuildPhase section */
		00E356EC1AD99517003FC87E /* Resources */ = {
			isa = PBXResourcesBuildPhase;
			buildActionMask = 2147483647;
			files = (
			);
			runOnlyForDeploymentPostprocessing = 0;
		};
		13B07F8E1A680F5B00A75B9A /* Resources */ = {
			isa = PBXResourcesBuildPhase;
			buildActionMask = 2147483647;
			files = (
				B065B7152A1C335200C75E5A /* main.m in Resources */,
				FF13321828E1CC5100D27A78 /* SpoqaHanSansNeo-Bold.otf in Resources */,
				FF13321928E1CC5100D27A78 /* SpoqaHanSansNeo-Light.otf in Resources */,
				FF13321A28E1CC5100D27A78 /* SpoqaHanSansNeo-Medium.otf in Resources */,
				FF13321B28E1CC5100D27A78 /* SpoqaHanSansNeo-Regular.otf in Resources */,
				FF13321C28E1CC5100D27A78 /* SpoqaHanSansNeo-Thin.otf in Resources */,
				FF090BE728E2ECD900666784 /* Fontisto.ttf in Resources */,
				FF090BE828E2ECD900666784 /* FontAwesome5_Solid.ttf in Resources */,
				FF090BE928E2ECD900666784 /* FontAwesome.ttf in Resources */,
				FF090BEA28E2ECD900666784 /* FontAwesome5_Regular.ttf in Resources */,
				FF090BEB28E2ECD900666784 /* Octicons.ttf in Resources */,
				B068103B2966B4E700A4D3AB /* GoogleService-Info.plist in Resources */,
				FF090BEC28E2ECD900666784 /* AntDesign.ttf in Resources */,
				FF090BED28E2ECD900666784 /* Feather.ttf in Resources */,
				FF090BEE28E2ECD900666784 /* SimpleLineIcons.ttf in Resources */,
				FF090BEF28E2ECD900666784 /* Foundation.ttf in Resources */,
				FF090BF028E2ECD900666784 /* MaterialIcons.ttf in Resources */,
				FF090BF128E2ECD900666784 /* MaterialCommunityIcons.ttf in Resources */,
				FF090BF228E2ECD900666784 /* Ionicons.ttf in Resources */,
				FF090BF328E2ECD900666784 /* EvilIcons.ttf in Resources */,
				FF090BF428E2ECD900666784 /* Entypo.ttf in Resources */,
				FF090BF528E2ECD900666784 /* Zocial.ttf in Resources */,
				FF090BF628E2ECD900666784 /* FontAwesome5_Brands.ttf in Resources */,
				FF13321D28E1CC5100D27A78 /* NotoSansKR-Black.otf in Resources */,
				FF13321E28E1CC5100D27A78 /* NotoSansKR-Bold.otf in Resources */,
				FF13321F28E1CC5100D27A78 /* NotoSansKR-Light.otf in Resources */,
				FF13322028E1CC5100D27A78 /* NotoSansKR-Medium.otf in Resources */,
				FF13322128E1CC5100D27A78 /* NotoSansKR-Regular.otf in Resources */,
				FF13322228E1CC5100D27A78 /* NotoSansKR-Thin.otf in Resources */,
				FF13321428E188F200D27A78 /* images in Resources */,
				81AB9BB82411601600AC10FF /* LaunchScreen.storyboard in Resources */,
				13B07FBF1A68108700A75B9A /* Images.xcassets in Resources */,
				B005111A2930A11C0035F28D /* Fonts in Resources */,
				94590B3B30F24F4C8152DA81 /* Pretendard-Black.otf in Resources */,
				A6E2DF83B7D3442987129D5D /* Pretendard-Bold.otf in Resources */,
				F1AE8E106A9E4FFBB1860ED2 /* Pretendard-ExtraBold.otf in Resources */,
				5A89C246B1EC4F4F9EDFE5AE /* Pretendard-ExtraLight.otf in Resources */,
				EB1E3C52F14B4D8597275DB8 /* Pretendard-Light.otf in Resources */,
				E24E198112A94BC68F5DE259 /* Pretendard-Medium.otf in Resources */,
				B4D2137514CC45B88DE9C20C /* Pretendard-Regular.otf in Resources */,
				75A5E33A7F7249518BFAC2B4 /* Pretendard-SemiBold.otf in Resources */,
				58C6DE8A34F648238F740925 /* Pretendard-Thin.otf in Resources */,
				B7DB5E91EEE741959BCEC57C /* OFL.txt in Resources */,
				2D06190E73714727B88B24AD /* LICENSE in Resources */,
			);
			runOnlyForDeploymentPostprocessing = 0;
		};
/* End PBXResourcesBuildPhase section */

/* Begin PBXShellScriptBuildPhase section */
		00DD1BFF1BD5951E006B06BC /* Bundle React Native code and images */ = {
			isa = PBXShellScriptBuildPhase;
			buildActionMask = 2147483647;
			files = (
			);
			inputPaths = (
				"$(SRCROOT)/.xcode.env.local",
				"$(SRCROOT)/.xcode.env",
			);
			name = "Bundle React Native code and images";
			outputPaths = (
			);
			runOnlyForDeploymentPostprocessing = 0;
			shellPath = /bin/sh;
			shellScript = "set -e\n\nWITH_ENVIRONMENT=\"../node_modules/react-native/scripts/xcode/with-environment.sh\"\nREACT_NATIVE_XCODE=\"../node_modules/react-native/scripts/react-native-xcode.sh\"\n\n/bin/sh -c \"$WITH_ENVIRONMENT $REACT_NATIVE_XCODE\"\n";
		};
		6EFACBF9D8AF7583140EBC9D /* [CP] Embed Pods Frameworks */ = {
			isa = PBXShellScriptBuildPhase;
			buildActionMask = 2147483647;
			files = (
			);
			inputFileListPaths = (
				"${PODS_ROOT}/Target Support Files/Pods-kurrant/Pods-kurrant-frameworks-${CONFIGURATION}-input-files.xcfilelist",
			);
			name = "[CP] Embed Pods Frameworks";
			outputFileListPaths = (
				"${PODS_ROOT}/Target Support Files/Pods-kurrant/Pods-kurrant-frameworks-${CONFIGURATION}-output-files.xcfilelist",
			);
			runOnlyForDeploymentPostprocessing = 0;
			shellPath = /bin/sh;
			shellScript = "\"${PODS_ROOT}/Target Support Files/Pods-kurrant/Pods-kurrant-frameworks.sh\"\n";
			showEnvVarsInLog = 0;
		};
		73DB34449DD5A6690F55A8A0 /* [CP] Copy Pods Resources */ = {
			isa = PBXShellScriptBuildPhase;
			buildActionMask = 2147483647;
			files = (
			);
			inputFileListPaths = (
				"${PODS_ROOT}/Target Support Files/Pods-kurrant-kurrantTests/Pods-kurrant-kurrantTests-resources-${CONFIGURATION}-input-files.xcfilelist",
			);
			name = "[CP] Copy Pods Resources";
			outputFileListPaths = (
				"${PODS_ROOT}/Target Support Files/Pods-kurrant-kurrantTests/Pods-kurrant-kurrantTests-resources-${CONFIGURATION}-output-files.xcfilelist",
			);
			runOnlyForDeploymentPostprocessing = 0;
			shellPath = /bin/sh;
			shellScript = "\"${PODS_ROOT}/Target Support Files/Pods-kurrant-kurrantTests/Pods-kurrant-kurrantTests-resources.sh\"\n";
			showEnvVarsInLog = 0;
		};
		8C637D826AAAD71F34664F77 /* [CP] Check Pods Manifest.lock */ = {
			isa = PBXShellScriptBuildPhase;
			buildActionMask = 2147483647;
			files = (
			);
			inputFileListPaths = (
			);
			inputPaths = (
				"${PODS_PODFILE_DIR_PATH}/Podfile.lock",
				"${PODS_ROOT}/Manifest.lock",
			);
			name = "[CP] Check Pods Manifest.lock";
			outputFileListPaths = (
			);
			outputPaths = (
				"$(DERIVED_FILE_DIR)/Pods-kurrant-checkManifestLockResult.txt",
			);
			runOnlyForDeploymentPostprocessing = 0;
			shellPath = /bin/sh;
			shellScript = "diff \"${PODS_PODFILE_DIR_PATH}/Podfile.lock\" \"${PODS_ROOT}/Manifest.lock\" > /dev/null\nif [ $? != 0 ] ; then\n    # print error to STDERR\n    echo \"error: The sandbox is not in sync with the Podfile.lock. Run 'pod install' or update your CocoaPods installation.\" >&2\n    exit 1\nfi\n# This output is used by Xcode 'outputs' to avoid re-running this script phase.\necho \"SUCCESS\" > \"${SCRIPT_OUTPUT_FILE_0}\"\n";
			showEnvVarsInLog = 0;
		};
		934BBA6C7D0CC9EB45B9A2F6 /* [CP-User] [RNFB] Core Configuration */ = {
			isa = PBXShellScriptBuildPhase;
			buildActionMask = 2147483647;
			files = (
			);
			inputPaths = (
				"$(BUILT_PRODUCTS_DIR)/$(INFOPLIST_PATH)",
			);
			name = "[CP-User] [RNFB] Core Configuration";
			runOnlyForDeploymentPostprocessing = 0;
			shellPath = /bin/sh;
			shellScript = "#!/usr/bin/env bash\n#\n# Copyright (c) 2016-present Invertase Limited & Contributors\n#\n# Licensed under the Apache License, Version 2.0 (the \"License\");\n# you may not use this library except in compliance with the License.\n# You may obtain a copy of the License at\n#\n#   http://www.apache.org/licenses/LICENSE-2.0\n#\n# Unless required by applicable law or agreed to in writing, software\n# distributed under the License is distributed on an \"AS IS\" BASIS,\n# WITHOUT WARRANTIES OR CONDITIONS OF ANY KIND, either express or implied.\n# See the License for the specific language governing permissions and\n# limitations under the License.\n#\nset -e\n\n_MAX_LOOKUPS=2;\n_SEARCH_RESULT=''\n_RN_ROOT_EXISTS=''\n_CURRENT_LOOKUPS=1\n_JSON_ROOT=\"'react-native'\"\n_JSON_FILE_NAME='firebase.json'\n_JSON_OUTPUT_BASE64='e30=' # { }\n_CURRENT_SEARCH_DIR=${PROJECT_DIR}\n_PLIST_BUDDY=/usr/libexec/PlistBuddy\n_TARGET_PLIST=\"${BUILT_PRODUCTS_DIR}/${INFOPLIST_PATH}\"\n_DSYM_PLIST=\"${DWARF_DSYM_FOLDER_PATH}/${DWARF_DSYM_FILE_NAME}/Contents/Info.plist\"\n\n# plist arrays\n_PLIST_ENTRY_KEYS=()\n_PLIST_ENTRY_TYPES=()\n_PLIST_ENTRY_VALUES=()\n\nfunction setPlistValue {\n  echo \"info:      setting plist entry '$1' of type '$2' in file '$4'\"\n  ${_PLIST_BUDDY} -c \"Add :$1 $2 '$3'\" $4 || echo \"info:      '$1' already exists\"\n}\n\nfunction getFirebaseJsonKeyValue () {\n  if [[ ${_RN_ROOT_EXISTS} ]]; then\n    ruby -Ku -e \"require 'rubygems';require 'json'; output=JSON.parse('$1'); puts output[$_JSON_ROOT]['$2']\"\n  else\n    echo \"\"\n  fi;\n}\n\nfunction jsonBoolToYesNo () {\n  if [[ $1 == \"false\" ]]; then\n    echo \"NO\"\n  elif [[ $1 == \"true\" ]]; then\n    echo \"YES\"\n  else echo \"NO\"\n  fi\n}\n\necho \"info: -> RNFB build script started\"\necho \"info: 1) Locating ${_JSON_FILE_NAME} file:\"\n\nif [[ -z ${_CURRENT_SEARCH_DIR} ]]; then\n  _CURRENT_SEARCH_DIR=$(pwd)\nfi;\n\nwhile true; do\n  _CURRENT_SEARCH_DIR=$(dirname \"$_CURRENT_SEARCH_DIR\")\n  if [[ \"$_CURRENT_SEARCH_DIR\" == \"/\" ]] || [[ ${_CURRENT_LOOKUPS} -gt ${_MAX_LOOKUPS} ]]; then break; fi;\n  echo \"info:      ($_CURRENT_LOOKUPS of $_MAX_LOOKUPS) Searching in '$_CURRENT_SEARCH_DIR' for a ${_JSON_FILE_NAME} file.\"\n  _SEARCH_RESULT=$(find \"$_CURRENT_SEARCH_DIR\" -maxdepth 2 -name ${_JSON_FILE_NAME} -print | /usr/bin/head -n 1)\n  if [[ ${_SEARCH_RESULT} ]]; then\n    echo \"info:      ${_JSON_FILE_NAME} found at $_SEARCH_RESULT\"\n    break;\n  fi;\n  _CURRENT_LOOKUPS=$((_CURRENT_LOOKUPS+1))\ndone\n\nif [[ ${_SEARCH_RESULT} ]]; then\n  _JSON_OUTPUT_RAW=$(cat \"${_SEARCH_RESULT}\")\n  _RN_ROOT_EXISTS=$(ruby -Ku -e \"require 'rubygems';require 'json'; output=JSON.parse('$_JSON_OUTPUT_RAW'); puts output[$_JSON_ROOT]\" || echo '')\n\n  if [[ ${_RN_ROOT_EXISTS} ]]; then\n    if ! python3 --version >/dev/null 2>&1; then echo \"python3 not found, firebase.json file processing error.\" && exit 1; fi\n    _JSON_OUTPUT_BASE64=$(python3 -c 'import json,sys,base64;print(base64.b64encode(bytes(json.dumps(json.loads(open('\"'${_SEARCH_RESULT}'\"', '\"'rb'\"').read())['${_JSON_ROOT}']), '\"'utf-8'\"')).decode())' || echo \"e30=\")\n  fi\n\n  _PLIST_ENTRY_KEYS+=(\"firebase_json_raw\")\n  _PLIST_ENTRY_TYPES+=(\"string\")\n  _PLIST_ENTRY_VALUES+=(\"$_JSON_OUTPUT_BASE64\")\n\n  # config.app_data_collection_default_enabled\n  _APP_DATA_COLLECTION_ENABLED=$(getFirebaseJsonKeyValue \"$_JSON_OUTPUT_RAW\" \"app_data_collection_default_enabled\")\n  if [[ $_APP_DATA_COLLECTION_ENABLED ]]; then\n    _PLIST_ENTRY_KEYS+=(\"FirebaseDataCollectionDefaultEnabled\")\n    _PLIST_ENTRY_TYPES+=(\"bool\")\n    _PLIST_ENTRY_VALUES+=(\"$(jsonBoolToYesNo \"$_APP_DATA_COLLECTION_ENABLED\")\")\n  fi\n\n  # config.analytics_auto_collection_enabled\n  _ANALYTICS_AUTO_COLLECTION=$(getFirebaseJsonKeyValue \"$_JSON_OUTPUT_RAW\" \"analytics_auto_collection_enabled\")\n  if [[ $_ANALYTICS_AUTO_COLLECTION ]]; then\n    _PLIST_ENTRY_KEYS+=(\"FIREBASE_ANALYTICS_COLLECTION_ENABLED\")\n    _PLIST_ENTRY_TYPES+=(\"bool\")\n    _PLIST_ENTRY_VALUES+=(\"$(jsonBoolToYesNo \"$_ANALYTICS_AUTO_COLLECTION\")\")\n  fi\n\n  # config.analytics_collection_deactivated\n  _ANALYTICS_DEACTIVATED=$(getFirebaseJsonKeyValue \"$_JSON_OUTPUT_RAW\" \"analytics_collection_deactivated\")\n  if [[ $_ANALYTICS_DEACTIVATED ]]; then\n    _PLIST_ENTRY_KEYS+=(\"FIREBASE_ANALYTICS_COLLECTION_DEACTIVATED\")\n    _PLIST_ENTRY_TYPES+=(\"bool\")\n    _PLIST_ENTRY_VALUES+=(\"$(jsonBoolToYesNo \"$_ANALYTICS_DEACTIVATED\")\")\n  fi\n\n  # config.analytics_idfv_collection_enabled\n  _ANALYTICS_IDFV_COLLECTION=$(getFirebaseJsonKeyValue \"$_JSON_OUTPUT_RAW\" \"analytics_idfv_collection_enabled\")\n  if [[ $_ANALYTICS_IDFV_COLLECTION ]]; then\n    _PLIST_ENTRY_KEYS+=(\"GOOGLE_ANALYTICS_IDFV_COLLECTION_ENABLED\")\n    _PLIST_ENTRY_TYPES+=(\"bool\")\n    _PLIST_ENTRY_VALUES+=(\"$(jsonBoolToYesNo \"$_ANALYTICS_IDFV_COLLECTION\")\")\n  fi\n\n  # config.analytics_default_allow_ad_personalization_signals\n  _ANALYTICS_PERSONALIZATION=$(getFirebaseJsonKeyValue \"$_JSON_OUTPUT_RAW\" \"analytics_default_allow_ad_personalization_signals\")\n  if [[ $_ANALYTICS_PERSONALIZATION ]]; then\n    _PLIST_ENTRY_KEYS+=(\"GOOGLE_ANALYTICS_DEFAULT_ALLOW_AD_PERSONALIZATION_SIGNALS\")\n    _PLIST_ENTRY_TYPES+=(\"bool\")\n    _PLIST_ENTRY_VALUES+=(\"$(jsonBoolToYesNo \"$_ANALYTICS_PERSONALIZATION\")\")\n  fi\n\n  # config.analytics_registration_with_ad_network_enabled\n  _ANALYTICS_REGISTRATION_WITH_AD_NETWORK=$(getFirebaseJsonKeyValue \"$_JSON_OUTPUT_RAW\" \"google_analytics_registration_with_ad_network_enabled\")\n  if [[ $_ANALYTICS_REGISTRATION_WITH_AD_NETWORK ]]; then\n    _PLIST_ENTRY_KEYS+=(\"GOOGLE_ANALYTICS_REGISTRATION_WITH_AD_NETWORK_ENABLED\")\n    _PLIST_ENTRY_TYPES+=(\"bool\")\n    _PLIST_ENTRY_VALUES+=(\"$(jsonBoolToYesNo \"$_ANALYTICS_REGISTRATION_WITH_AD_NETWORK\")\")\n  fi\n\n  # config.google_analytics_automatic_screen_reporting_enabled\n  _ANALYTICS_AUTO_SCREEN_REPORTING=$(getFirebaseJsonKeyValue \"$_JSON_OUTPUT_RAW\" \"google_analytics_automatic_screen_reporting_enabled\")\n  if [[ $_ANALYTICS_AUTO_SCREEN_REPORTING ]]; then\n    _PLIST_ENTRY_KEYS+=(\"FirebaseAutomaticScreenReportingEnabled\")\n    _PLIST_ENTRY_TYPES+=(\"bool\")\n    _PLIST_ENTRY_VALUES+=(\"$(jsonBoolToYesNo \"$_ANALYTICS_AUTO_SCREEN_REPORTING\")\")\n  fi\n\n  # config.perf_auto_collection_enabled\n  _PERF_AUTO_COLLECTION=$(getFirebaseJsonKeyValue \"$_JSON_OUTPUT_RAW\" \"perf_auto_collection_enabled\")\n  if [[ $_PERF_AUTO_COLLECTION ]]; then\n    _PLIST_ENTRY_KEYS+=(\"firebase_performance_collection_enabled\")\n    _PLIST_ENTRY_TYPES+=(\"bool\")\n    _PLIST_ENTRY_VALUES+=(\"$(jsonBoolToYesNo \"$_PERF_AUTO_COLLECTION\")\")\n  fi\n\n  # config.perf_collection_deactivated\n  _PERF_DEACTIVATED=$(getFirebaseJsonKeyValue \"$_JSON_OUTPUT_RAW\" \"perf_collection_deactivated\")\n  if [[ $_PERF_DEACTIVATED ]]; then\n    _PLIST_ENTRY_KEYS+=(\"firebase_performance_collection_deactivated\")\n    _PLIST_ENTRY_TYPES+=(\"bool\")\n    _PLIST_ENTRY_VALUES+=(\"$(jsonBoolToYesNo \"$_PERF_DEACTIVATED\")\")\n  fi\n\n  # config.messaging_auto_init_enabled\n  _MESSAGING_AUTO_INIT=$(getFirebaseJsonKeyValue \"$_JSON_OUTPUT_RAW\" \"messaging_auto_init_enabled\")\n  if [[ $_MESSAGING_AUTO_INIT ]]; then\n    _PLIST_ENTRY_KEYS+=(\"FirebaseMessagingAutoInitEnabled\")\n    _PLIST_ENTRY_TYPES+=(\"bool\")\n    _PLIST_ENTRY_VALUES+=(\"$(jsonBoolToYesNo \"$_MESSAGING_AUTO_INIT\")\")\n  fi\n\n  # config.in_app_messaging_auto_colllection_enabled\n  _FIAM_AUTO_INIT=$(getFirebaseJsonKeyValue \"$_JSON_OUTPUT_RAW\" \"in_app_messaging_auto_collection_enabled\")\n  if [[ $_FIAM_AUTO_INIT ]]; then\n    _PLIST_ENTRY_KEYS+=(\"FirebaseInAppMessagingAutomaticDataCollectionEnabled\")\n    _PLIST_ENTRY_TYPES+=(\"bool\")\n    _PLIST_ENTRY_VALUES+=(\"$(jsonBoolToYesNo \"$_FIAM_AUTO_INIT\")\")\n  fi\n\n  # config.app_check_token_auto_refresh\n  _APP_CHECK_TOKEN_AUTO_REFRESH=$(getFirebaseJsonKeyValue \"$_JSON_OUTPUT_RAW\" \"app_check_token_auto_refresh\")\n  if [[ $_APP_CHECK_TOKEN_AUTO_REFRESH ]]; then\n    _PLIST_ENTRY_KEYS+=(\"FirebaseAppCheckTokenAutoRefreshEnabled\")\n    _PLIST_ENTRY_TYPES+=(\"bool\")\n    _PLIST_ENTRY_VALUES+=(\"$(jsonBoolToYesNo \"$_APP_CHECK_TOKEN_AUTO_REFRESH\")\")\n  fi\n\n  # config.crashlytics_disable_auto_disabler - undocumented for now - mainly for debugging, document if becomes useful\n  _CRASHLYTICS_AUTO_DISABLE_ENABLED=$(getFirebaseJsonKeyValue \"$_JSON_OUTPUT_RAW\" \"crashlytics_disable_auto_disabler\")\n  if [[ $_CRASHLYTICS_AUTO_DISABLE_ENABLED == \"true\" ]]; then\n    echo \"Disabled Crashlytics auto disabler.\" # do nothing\n  else\n    _PLIST_ENTRY_KEYS+=(\"FirebaseCrashlyticsCollectionEnabled\")\n    _PLIST_ENTRY_TYPES+=(\"bool\")\n    _PLIST_ENTRY_VALUES+=(\"NO\")\n  fi\nelse\n  _PLIST_ENTRY_KEYS+=(\"firebase_json_raw\")\n  _PLIST_ENTRY_TYPES+=(\"string\")\n  _PLIST_ENTRY_VALUES+=(\"$_JSON_OUTPUT_BASE64\")\n  echo \"warning:   A firebase.json file was not found, whilst this file is optional it is recommended to include it to configure firebase services in React Native Firebase.\"\nfi;\n\necho \"info: 2) Injecting Info.plist entries: \"\n\n# Log out the keys we're adding\nfor i in \"${!_PLIST_ENTRY_KEYS[@]}\"; do\n  echo \"    ->  $i) ${_PLIST_ENTRY_KEYS[$i]}\" \"${_PLIST_ENTRY_TYPES[$i]}\" \"${_PLIST_ENTRY_VALUES[$i]}\"\ndone\n\nfor plist in \"${_TARGET_PLIST}\" \"${_DSYM_PLIST}\" ; do\n  if [[ -f \"${plist}\" ]]; then\n\n    # paths with spaces break the call to setPlistValue. temporarily modify\n    # the shell internal field separator variable (IFS), which normally\n    # includes spaces, to consist only of line breaks\n    oldifs=$IFS\n    IFS=\"\n\"\n\n    for i in \"${!_PLIST_ENTRY_KEYS[@]}\"; do\n      setPlistValue \"${_PLIST_ENTRY_KEYS[$i]}\" \"${_PLIST_ENTRY_TYPES[$i]}\" \"${_PLIST_ENTRY_VALUES[$i]}\" \"${plist}\"\n    done\n\n    # restore the original internal field separator value\n    IFS=$oldifs\n  else\n    echo \"warning:   A Info.plist build output file was not found (${plist})\"\n  fi\ndone\n\necho \"info: <- RNFB build script finished\"\n";
		};
		B002D6B4099FAFE9463EE8CD /* [CP] Check Pods Manifest.lock */ = {
			isa = PBXShellScriptBuildPhase;
			buildActionMask = 2147483647;
			files = (
			);
			inputFileListPaths = (
			);
			inputPaths = (
				"${PODS_PODFILE_DIR_PATH}/Podfile.lock",
				"${PODS_ROOT}/Manifest.lock",
			);
			name = "[CP] Check Pods Manifest.lock";
			outputFileListPaths = (
			);
			outputPaths = (
				"$(DERIVED_FILE_DIR)/Pods-kurrant-kurrantTests-checkManifestLockResult.txt",
			);
			runOnlyForDeploymentPostprocessing = 0;
			shellPath = /bin/sh;
			shellScript = "diff \"${PODS_PODFILE_DIR_PATH}/Podfile.lock\" \"${PODS_ROOT}/Manifest.lock\" > /dev/null\nif [ $? != 0 ] ; then\n    # print error to STDERR\n    echo \"error: The sandbox is not in sync with the Podfile.lock. Run 'pod install' or update your CocoaPods installation.\" >&2\n    exit 1\nfi\n# This output is used by Xcode 'outputs' to avoid re-running this script phase.\necho \"SUCCESS\" > \"${SCRIPT_OUTPUT_FILE_0}\"\n";
			showEnvVarsInLog = 0;
		};
		B4922D03BE3BFA0A5F75E3C1 /* [CP] Embed Pods Frameworks */ = {
			isa = PBXShellScriptBuildPhase;
			buildActionMask = 2147483647;
			files = (
			);
			inputFileListPaths = (
				"${PODS_ROOT}/Target Support Files/Pods-kurrant-kurrantTests/Pods-kurrant-kurrantTests-frameworks-${CONFIGURATION}-input-files.xcfilelist",
			);
			name = "[CP] Embed Pods Frameworks";
			outputFileListPaths = (
				"${PODS_ROOT}/Target Support Files/Pods-kurrant-kurrantTests/Pods-kurrant-kurrantTests-frameworks-${CONFIGURATION}-output-files.xcfilelist",
			);
			runOnlyForDeploymentPostprocessing = 0;
			shellPath = /bin/sh;
			shellScript = "\"${PODS_ROOT}/Target Support Files/Pods-kurrant-kurrantTests/Pods-kurrant-kurrantTests-frameworks.sh\"\n";
			showEnvVarsInLog = 0;
		};
		F72C8B0650E50C7551ADEC60 /* [CP] Copy Pods Resources */ = {
			isa = PBXShellScriptBuildPhase;
			buildActionMask = 2147483647;
			files = (
			);
			inputFileListPaths = (
				"${PODS_ROOT}/Target Support Files/Pods-kurrant/Pods-kurrant-resources-${CONFIGURATION}-input-files.xcfilelist",
			);
			name = "[CP] Copy Pods Resources";
			outputFileListPaths = (
				"${PODS_ROOT}/Target Support Files/Pods-kurrant/Pods-kurrant-resources-${CONFIGURATION}-output-files.xcfilelist",
			);
			runOnlyForDeploymentPostprocessing = 0;
			shellPath = /bin/sh;
			shellScript = "\"${PODS_ROOT}/Target Support Files/Pods-kurrant/Pods-kurrant-resources.sh\"\n";
			showEnvVarsInLog = 0;
		};
		FD10A7F022414F080027D42C /* Start Packager */ = {
			isa = PBXShellScriptBuildPhase;
			buildActionMask = 2147483647;
			files = (
			);
			inputFileListPaths = (
			);
			inputPaths = (
			);
			name = "Start Packager";
			outputFileListPaths = (
			);
			outputPaths = (
			);
			runOnlyForDeploymentPostprocessing = 0;
			shellPath = /bin/sh;
			shellScript = "export RCT_METRO_PORT=\"${RCT_METRO_PORT:=8081}\"\necho \"export RCT_METRO_PORT=${RCT_METRO_PORT}\" > \"${SRCROOT}/../node_modules/react-native/scripts/.packager.env\"\nif [ -z \"${RCT_NO_LAUNCH_PACKAGER+xxx}\" ] ; then\n  if nc -w 5 -z localhost ${RCT_METRO_PORT} ; then\n    if ! curl -s \"http://localhost:${RCT_METRO_PORT}/status\" | grep -q \"packager-status:running\" ; then\n      echo \"Port ${RCT_METRO_PORT} already in use, packager is either not running or not running correctly\"\n      exit 2\n    fi\n  else\n    open \"$SRCROOT/../node_modules/react-native/scripts/launchPackager.command\" || echo \"Can't start packager automatically\"\n  fi\nfi\n";
			showEnvVarsInLog = 0;
		};
/* End PBXShellScriptBuildPhase section */

/* Begin PBXSourcesBuildPhase section */
		00E356EA1AD99517003FC87E /* Sources */ = {
			isa = PBXSourcesBuildPhase;
			buildActionMask = 2147483647;
			files = (
				00E356F31AD99517003FC87E /* kurrantTests.m in Sources */,
			);
			runOnlyForDeploymentPostprocessing = 0;
		};
		13B07F871A680F5B00A75B9A /* Sources */ = {
			isa = PBXSourcesBuildPhase;
			buildActionMask = 2147483647;
			files = (
				13B07FBC1A68108700A75B9A /* AppDelegate.mm in Sources */,
				D3F9877D297916AE00B61198 /* File.swift in Sources */,
				13B07FC11A68108700A75B9A /* main.m in Sources */,
			);
			runOnlyForDeploymentPostprocessing = 0;
		};
/* End PBXSourcesBuildPhase section */

/* Begin PBXTargetDependency section */
		00E356F51AD99517003FC87E /* PBXTargetDependency */ = {
			isa = PBXTargetDependency;
			target = 13B07F861A680F5B00A75B9A /* kurrant */;
			targetProxy = 00E356F41AD99517003FC87E /* PBXContainerItemProxy */;
		};
/* End PBXTargetDependency section */

/* Begin XCBuildConfiguration section */
		00E356F61AD99517003FC87E /* Debug */ = {
			isa = XCBuildConfiguration;
			baseConfigurationReference = 8BD4AAD300C6DC092DDF7D69 /* Pods-kurrant-kurrantTests.debug.xcconfig */;
			buildSettings = {
				ALWAYS_EMBED_SWIFT_STANDARD_LIBRARIES = YES;
				BUNDLE_LOADER = "$(TEST_HOST)";
				GCC_PREPROCESSOR_DEFINITIONS = (
					"DEBUG=1",
					"$(inherited)",
				);
				INFOPLIST_FILE = kurrantTests/Info.plist;
				IPHONEOS_DEPLOYMENT_TARGET = 12.4;
				LD_RUNPATH_SEARCH_PATHS = (
					"$(inherited)",
					"@executable_path/Frameworks",
					"@loader_path/Frameworks",
				);
				OTHER_LDFLAGS = (
					"-ObjC",
					"-lc++",
					"$(inherited)",
				);
				PRODUCT_BUNDLE_IDENTIFIER = "org.reactjs.native.example.$(PRODUCT_NAME:rfc1034identifier)";
				PRODUCT_NAME = "$(TARGET_NAME)";
				TEST_HOST = "$(BUILT_PRODUCTS_DIR)/kurrant.app/kurrant";
			};
			name = Debug;
		};
		00E356F71AD99517003FC87E /* Release */ = {
			isa = XCBuildConfiguration;
			baseConfigurationReference = 0B53E625D3D715BC1D8DB757 /* Pods-kurrant-kurrantTests.release.xcconfig */;
			buildSettings = {
				ALWAYS_EMBED_SWIFT_STANDARD_LIBRARIES = YES;
				BUNDLE_LOADER = "$(TEST_HOST)";
				COPY_PHASE_STRIP = NO;
				INFOPLIST_FILE = kurrantTests/Info.plist;
				IPHONEOS_DEPLOYMENT_TARGET = 12.4;
				LD_RUNPATH_SEARCH_PATHS = (
					"$(inherited)",
					"@executable_path/Frameworks",
					"@loader_path/Frameworks",
				);
				OTHER_LDFLAGS = (
					"-ObjC",
					"-lc++",
					"$(inherited)",
				);
				PRODUCT_BUNDLE_IDENTIFIER = "org.reactjs.native.example.$(PRODUCT_NAME:rfc1034identifier)";
				PRODUCT_NAME = "$(TARGET_NAME)";
				TEST_HOST = "$(BUILT_PRODUCTS_DIR)/kurrant.app/kurrant";
			};
			name = Release;
		};
		13B07F941A680F5B00A75B9A /* Debug */ = {
			isa = XCBuildConfiguration;
			baseConfigurationReference = 2F65753EC5CC2C6EADD7D024 /* Pods-kurrant.debug.xcconfig */;
			buildSettings = {
				ALWAYS_EMBED_SWIFT_STANDARD_LIBRARIES = "$(inherited)";
				ASSETCATALOG_COMPILER_APPICON_NAME = AppIcon;
				ASSETCATALOG_COMPILER_INCLUDE_ALL_APPICON_ASSETS = YES;
				CLANG_ENABLE_MODULES = YES;
				CODE_SIGN_ENTITLEMENTS = kurrant/kurrant.entitlements;
				CURRENT_PROJECT_VERSION = 1;
				DEVELOPMENT_TEAM = GHN9DS56C5;
				ENABLE_BITCODE = NO;
				GENERATE_INFOPLIST_FILE = NO;
				INFOPLIST_FILE = kurrant/Info.plist;
				INFOPLIST_KEY_CFBundleDisplayName = "커런트";
				INFOPLIST_KEY_LSApplicationCategoryType = "public.app-category.lifestyle";
				IPHONEOS_DEPLOYMENT_TARGET = 13.0;
				LD_RUNPATH_SEARCH_PATHS = (
					"$(inherited)",
					"@executable_path/Frameworks",
				);
				MARKETING_VERSION = 1.5.1;
				OTHER_LDFLAGS = (
					"$(inherited)",
					"-ObjC",
					"-lc++",
				);
				PRODUCT_BUNDLE_IDENTIFIER = io.dalicious.kurrant;
				PRODUCT_NAME = kurrant;
				SWIFT_OBJC_BRIDGING_HEADER = "kurrant-Bridging-Header.h";
				SWIFT_OPTIMIZATION_LEVEL = "-Onone";
				SWIFT_VERSION = 5.0;
				VERSIONING_SYSTEM = "apple-generic";
			};
			name = Debug;
		};
		13B07F951A680F5B00A75B9A /* Release */ = {
			isa = XCBuildConfiguration;
			baseConfigurationReference = 020F3B9FDCAFA882FE2BA03B /* Pods-kurrant.release.xcconfig */;
			buildSettings = {
				ALWAYS_EMBED_SWIFT_STANDARD_LIBRARIES = "$(inherited)";
				ASSETCATALOG_COMPILER_APPICON_NAME = AppIcon;
				ASSETCATALOG_COMPILER_INCLUDE_ALL_APPICON_ASSETS = YES;
				CLANG_ENABLE_MODULES = YES;
				CODE_SIGN_ENTITLEMENTS = kurrant/kurrantRelease.entitlements;
				CURRENT_PROJECT_VERSION = 1;
				DEVELOPMENT_TEAM = P98WMV6993;
				GENERATE_INFOPLIST_FILE = NO;
				INFOPLIST_FILE = kurrant/Info.plist;
				INFOPLIST_KEY_CFBundleDisplayName = "커런트";
				INFOPLIST_KEY_LSApplicationCategoryType = "public.app-category.lifestyle";
				IPHONEOS_DEPLOYMENT_TARGET = 13.0;
				LD_RUNPATH_SEARCH_PATHS = (
					"$(inherited)",
					"@executable_path/Frameworks",
				);
				MARKETING_VERSION = 1.5.1;
				OTHER_LDFLAGS = (
					"$(inherited)",
					"-ObjC",
					"-lc++",
				);
				PRODUCT_BUNDLE_IDENTIFIER = io.dalicious.kurrant;
				PRODUCT_NAME = kurrant;
				SWIFT_OBJC_BRIDGING_HEADER = "kurrant-Bridging-Header.h";
				SWIFT_VERSION = 5.0;
				VERSIONING_SYSTEM = "apple-generic";
			};
			name = Release;
		};
		83CBBA201A601CBA00E9B192 /* Debug */ = {
			isa = XCBuildConfiguration;
			buildSettings = {
				ALWAYS_SEARCH_USER_PATHS = NO;
				CLANG_ANALYZER_LOCALIZABILITY_NONLOCALIZED = YES;
				CLANG_CXX_LANGUAGE_STANDARD = "c++17";
				CLANG_CXX_LIBRARY = "libc++";
				CLANG_ENABLE_MODULES = YES;
				CLANG_ENABLE_OBJC_ARC = YES;
				CLANG_WARN_BLOCK_CAPTURE_AUTORELEASING = YES;
				CLANG_WARN_BOOL_CONVERSION = YES;
				CLANG_WARN_COMMA = YES;
				CLANG_WARN_CONSTANT_CONVERSION = YES;
				CLANG_WARN_DEPRECATED_OBJC_IMPLEMENTATIONS = YES;
				CLANG_WARN_DIRECT_OBJC_ISA_USAGE = YES_ERROR;
				CLANG_WARN_EMPTY_BODY = YES;
				CLANG_WARN_ENUM_CONVERSION = YES;
				CLANG_WARN_INFINITE_RECURSION = YES;
				CLANG_WARN_INT_CONVERSION = YES;
				CLANG_WARN_NON_LITERAL_NULL_CONVERSION = YES;
				CLANG_WARN_OBJC_IMPLICIT_RETAIN_SELF = YES;
				CLANG_WARN_OBJC_LITERAL_CONVERSION = YES;
				CLANG_WARN_OBJC_ROOT_CLASS = YES_ERROR;
				CLANG_WARN_QUOTED_INCLUDE_IN_FRAMEWORK_HEADER = YES;
				CLANG_WARN_RANGE_LOOP_ANALYSIS = YES;
				CLANG_WARN_STRICT_PROTOTYPES = YES;
				CLANG_WARN_SUSPICIOUS_MOVE = YES;
				CLANG_WARN_UNREACHABLE_CODE = YES;
				CLANG_WARN__DUPLICATE_METHOD_MATCH = YES;
				"CODE_SIGN_IDENTITY[sdk=iphoneos*]" = "iPhone Developer";
				COPY_PHASE_STRIP = NO;
				ENABLE_STRICT_OBJC_MSGSEND = YES;
				ENABLE_TESTABILITY = YES;
				"EXCLUDED_ARCHS[sdk=iphonesimulator*]" = i386;
				GCC_C_LANGUAGE_STANDARD = gnu99;
				GCC_DYNAMIC_NO_PIC = NO;
				GCC_NO_COMMON_BLOCKS = YES;
				GCC_OPTIMIZATION_LEVEL = 0;
				GCC_PREPROCESSOR_DEFINITIONS = (
					"DEBUG=1",
					"$(inherited)",
				);
				GCC_SYMBOLS_PRIVATE_EXTERN = NO;
				GCC_WARN_64_TO_32_BIT_CONVERSION = YES;
				GCC_WARN_ABOUT_RETURN_TYPE = YES_ERROR;
				GCC_WARN_UNDECLARED_SELECTOR = YES;
				GCC_WARN_UNINITIALIZED_AUTOS = YES_AGGRESSIVE;
				GCC_WARN_UNUSED_FUNCTION = YES;
				GCC_WARN_UNUSED_VARIABLE = YES;
				IPHONEOS_DEPLOYMENT_TARGET = 12.4;
				LD_RUNPATH_SEARCH_PATHS = (
					/usr/lib/swift,
					"$(inherited)",
				);
				LIBRARY_SEARCH_PATHS = (
					"\"$(SDKROOT)/usr/lib/swift\"",
					"\"$(TOOLCHAIN_DIR)/usr/lib/swift/$(PLATFORM_NAME)\"",
					"\"$(inherited)\"",
				);
				MTL_ENABLE_DEBUG_INFO = YES;
				MULTI_DEPLOYMENT_CONFIG = "";
				ONLY_ACTIVE_ARCH = YES;
				OTHER_CPLUSPLUSFLAGS = (
					"$(OTHER_CFLAGS)",
					"-DFOLLY_NO_CONFIG",
					"-DFOLLY_MOBILE=1",
					"-DFOLLY_USE_LIBCPP=1",
				);
				REACT_NATIVE_PATH = "${PODS_ROOT}/../../node_modules/react-native";
				SDKROOT = iphoneos;
			};
			name = Debug;
		};
		83CBBA211A601CBA00E9B192 /* Release */ = {
			isa = XCBuildConfiguration;
			buildSettings = {
				ALWAYS_SEARCH_USER_PATHS = NO;
				CLANG_ANALYZER_LOCALIZABILITY_NONLOCALIZED = YES;
				CLANG_CXX_LANGUAGE_STANDARD = "c++17";
				CLANG_CXX_LIBRARY = "libc++";
				CLANG_ENABLE_MODULES = YES;
				CLANG_ENABLE_OBJC_ARC = YES;
				CLANG_WARN_BLOCK_CAPTURE_AUTORELEASING = YES;
				CLANG_WARN_BOOL_CONVERSION = YES;
				CLANG_WARN_COMMA = YES;
				CLANG_WARN_CONSTANT_CONVERSION = YES;
				CLANG_WARN_DEPRECATED_OBJC_IMPLEMENTATIONS = YES;
				CLANG_WARN_DIRECT_OBJC_ISA_USAGE = YES_ERROR;
				CLANG_WARN_EMPTY_BODY = YES;
				CLANG_WARN_ENUM_CONVERSION = YES;
				CLANG_WARN_INFINITE_RECURSION = YES;
				CLANG_WARN_INT_CONVERSION = YES;
				CLANG_WARN_NON_LITERAL_NULL_CONVERSION = YES;
				CLANG_WARN_OBJC_IMPLICIT_RETAIN_SELF = YES;
				CLANG_WARN_OBJC_LITERAL_CONVERSION = YES;
				CLANG_WARN_OBJC_ROOT_CLASS = YES_ERROR;
				CLANG_WARN_QUOTED_INCLUDE_IN_FRAMEWORK_HEADER = YES;
				CLANG_WARN_RANGE_LOOP_ANALYSIS = YES;
				CLANG_WARN_STRICT_PROTOTYPES = YES;
				CLANG_WARN_SUSPICIOUS_MOVE = YES;
				CLANG_WARN_UNREACHABLE_CODE = YES;
				CLANG_WARN__DUPLICATE_METHOD_MATCH = YES;
				"CODE_SIGN_IDENTITY[sdk=iphoneos*]" = "iPhone Developer";
				COPY_PHASE_STRIP = YES;
				ENABLE_NS_ASSERTIONS = NO;
				ENABLE_STRICT_OBJC_MSGSEND = YES;
				"EXCLUDED_ARCHS[sdk=iphonesimulator*]" = i386;
				GCC_C_LANGUAGE_STANDARD = gnu99;
				GCC_NO_COMMON_BLOCKS = YES;
				GCC_WARN_64_TO_32_BIT_CONVERSION = YES;
				GCC_WARN_ABOUT_RETURN_TYPE = YES_ERROR;
				GCC_WARN_UNDECLARED_SELECTOR = YES;
				GCC_WARN_UNINITIALIZED_AUTOS = YES_AGGRESSIVE;
				GCC_WARN_UNUSED_FUNCTION = YES;
				GCC_WARN_UNUSED_VARIABLE = YES;
				IPHONEOS_DEPLOYMENT_TARGET = 12.4;
				LD_RUNPATH_SEARCH_PATHS = (
					/usr/lib/swift,
					"$(inherited)",
				);
				LIBRARY_SEARCH_PATHS = (
					"\"$(SDKROOT)/usr/lib/swift\"",
					"\"$(TOOLCHAIN_DIR)/usr/lib/swift/$(PLATFORM_NAME)\"",
					"\"$(inherited)\"",
				);
				MTL_ENABLE_DEBUG_INFO = NO;
				MULTI_DEPLOYMENT_CONFIG = "";
				ONLY_ACTIVE_ARCH = YES;
				OTHER_CPLUSPLUSFLAGS = (
					"$(OTHER_CFLAGS)",
					"-DFOLLY_NO_CONFIG",
					"-DFOLLY_MOBILE=1",
					"-DFOLLY_USE_LIBCPP=1",
				);
				REACT_NATIVE_PATH = "${PODS_ROOT}/../../node_modules/react-native";
				SDKROOT = iphoneos;
				VALIDATE_PRODUCT = YES;
			};
			name = Release;
		};
		B028EEAD2980A21000B38B92 /* Staging */ = {
			isa = XCBuildConfiguration;
			buildSettings = {
				ALWAYS_SEARCH_USER_PATHS = NO;
				CLANG_ANALYZER_LOCALIZABILITY_NONLOCALIZED = YES;
				CLANG_CXX_LANGUAGE_STANDARD = "c++17";
				CLANG_CXX_LIBRARY = "libc++";
				CLANG_ENABLE_MODULES = YES;
				CLANG_ENABLE_OBJC_ARC = YES;
				CLANG_WARN_BLOCK_CAPTURE_AUTORELEASING = YES;
				CLANG_WARN_BOOL_CONVERSION = YES;
				CLANG_WARN_COMMA = YES;
				CLANG_WARN_CONSTANT_CONVERSION = YES;
				CLANG_WARN_DEPRECATED_OBJC_IMPLEMENTATIONS = YES;
				CLANG_WARN_DIRECT_OBJC_ISA_USAGE = YES_ERROR;
				CLANG_WARN_EMPTY_BODY = YES;
				CLANG_WARN_ENUM_CONVERSION = YES;
				CLANG_WARN_INFINITE_RECURSION = YES;
				CLANG_WARN_INT_CONVERSION = YES;
				CLANG_WARN_NON_LITERAL_NULL_CONVERSION = YES;
				CLANG_WARN_OBJC_IMPLICIT_RETAIN_SELF = YES;
				CLANG_WARN_OBJC_LITERAL_CONVERSION = YES;
				CLANG_WARN_OBJC_ROOT_CLASS = YES_ERROR;
				CLANG_WARN_QUOTED_INCLUDE_IN_FRAMEWORK_HEADER = YES;
				CLANG_WARN_RANGE_LOOP_ANALYSIS = YES;
				CLANG_WARN_STRICT_PROTOTYPES = YES;
				CLANG_WARN_SUSPICIOUS_MOVE = YES;
				CLANG_WARN_UNREACHABLE_CODE = YES;
				CLANG_WARN__DUPLICATE_METHOD_MATCH = YES;
				"CODE_SIGN_IDENTITY[sdk=iphoneos*]" = "iPhone Developer";
				COPY_PHASE_STRIP = YES;
				ENABLE_NS_ASSERTIONS = NO;
				ENABLE_STRICT_OBJC_MSGSEND = YES;
				"EXCLUDED_ARCHS[sdk=iphonesimulator*]" = i386;
				GCC_C_LANGUAGE_STANDARD = gnu99;
				GCC_NO_COMMON_BLOCKS = YES;
				GCC_WARN_64_TO_32_BIT_CONVERSION = YES;
				GCC_WARN_ABOUT_RETURN_TYPE = YES_ERROR;
				GCC_WARN_UNDECLARED_SELECTOR = YES;
				GCC_WARN_UNINITIALIZED_AUTOS = YES_AGGRESSIVE;
				GCC_WARN_UNUSED_FUNCTION = YES;
				GCC_WARN_UNUSED_VARIABLE = YES;
				IPHONEOS_DEPLOYMENT_TARGET = 12.4;
				LD_RUNPATH_SEARCH_PATHS = (
					/usr/lib/swift,
					"$(inherited)",
				);
				LIBRARY_SEARCH_PATHS = (
					"\"$(SDKROOT)/usr/lib/swift\"",
					"\"$(TOOLCHAIN_DIR)/usr/lib/swift/$(PLATFORM_NAME)\"",
					"\"$(inherited)\"",
				);
				MTL_ENABLE_DEBUG_INFO = NO;
				MULTI_DEPLOYMENT_CONFIG = "";
				ONLY_ACTIVE_ARCH = YES;
				OTHER_CPLUSPLUSFLAGS = (
					"$(OTHER_CFLAGS)",
					"-DFOLLY_NO_CONFIG",
					"-DFOLLY_MOBILE=1",
					"-DFOLLY_USE_LIBCPP=1",
				);
				REACT_NATIVE_PATH = "${PODS_ROOT}/../../node_modules/react-native";
				SDKROOT = iphoneos;
				VALIDATE_PRODUCT = YES;
			};
			name = Staging;
		};
		B028EEAE2980A21000B38B92 /* Staging */ = {
			isa = XCBuildConfiguration;
			baseConfigurationReference = E33CACEF1B17F39A368C45E0 /* Pods-kurrant.staging.xcconfig */;
			buildSettings = {
				ALWAYS_EMBED_SWIFT_STANDARD_LIBRARIES = "$(inherited)";
				ASSETCATALOG_COMPILER_APPICON_NAME = AppIcon;
				ASSETCATALOG_COMPILER_INCLUDE_ALL_APPICON_ASSETS = YES;
				CLANG_ENABLE_MODULES = YES;
				CODE_SIGN_ENTITLEMENTS = kurrant/kurrantRelease.entitlements;
				CURRENT_PROJECT_VERSION = 1;
				DEVELOPMENT_TEAM = GHN9DS56C5;
				GENERATE_INFOPLIST_FILE = NO;
				INFOPLIST_FILE = kurrant/Info.plist;
				INFOPLIST_KEY_CFBundleDisplayName = "커런트";
				INFOPLIST_KEY_LSApplicationCategoryType = "public.app-category.lifestyle";
				IPHONEOS_DEPLOYMENT_TARGET = 13.0;
				LD_RUNPATH_SEARCH_PATHS = (
					"$(inherited)",
					"@executable_path/Frameworks",
				);
				MARKETING_VERSION = 1.5.1;
				OTHER_LDFLAGS = (
					"$(inherited)",
					"-ObjC",
					"-lc++",
				);
				PRODUCT_BUNDLE_IDENTIFIER = io.dalicious.kurrant;
				PRODUCT_NAME = kurrant;
				SWIFT_OBJC_BRIDGING_HEADER = "kurrant-Bridging-Header.h";
				SWIFT_VERSION = 5.0;
				VERSIONING_SYSTEM = "apple-generic";
			};
			name = Staging;
		};
		B028EEAF2980A21000B38B92 /* Staging */ = {
			isa = XCBuildConfiguration;
			baseConfigurationReference = F6AA365D32A09E1D7638A3F4 /* Pods-kurrant-kurrantTests.staging.xcconfig */;
			buildSettings = {
				ALWAYS_EMBED_SWIFT_STANDARD_LIBRARIES = YES;
				BUNDLE_LOADER = "$(TEST_HOST)";
				COPY_PHASE_STRIP = NO;
				INFOPLIST_FILE = kurrantTests/Info.plist;
				IPHONEOS_DEPLOYMENT_TARGET = 12.4;
				LD_RUNPATH_SEARCH_PATHS = (
					"$(inherited)",
					"@executable_path/Frameworks",
					"@loader_path/Frameworks",
				);
				OTHER_LDFLAGS = (
					"-ObjC",
					"-lc++",
					"$(inherited)",
				);
				PRODUCT_BUNDLE_IDENTIFIER = "org.reactjs.native.example.$(PRODUCT_NAME:rfc1034identifier)";
				PRODUCT_NAME = "$(TARGET_NAME)";
				TEST_HOST = "$(BUILT_PRODUCTS_DIR)/kurrant.app/kurrant";
			};
			name = Staging;
		};
/* End XCBuildConfiguration section */

/* Begin XCConfigurationList section */
		00E357021AD99517003FC87E /* Build configuration list for PBXNativeTarget "kurrantTests" */ = {
			isa = XCConfigurationList;
			buildConfigurations = (
				00E356F61AD99517003FC87E /* Debug */,
				00E356F71AD99517003FC87E /* Release */,
				B028EEAF2980A21000B38B92 /* Staging */,
			);
			defaultConfigurationIsVisible = 0;
			defaultConfigurationName = Release;
		};
		13B07F931A680F5B00A75B9A /* Build configuration list for PBXNativeTarget "kurrant" */ = {
			isa = XCConfigurationList;
			buildConfigurations = (
				13B07F941A680F5B00A75B9A /* Debug */,
				13B07F951A680F5B00A75B9A /* Release */,
				B028EEAE2980A21000B38B92 /* Staging */,
			);
			defaultConfigurationIsVisible = 0;
			defaultConfigurationName = Release;
		};
		83CBB9FA1A601CBA00E9B192 /* Build configuration list for PBXProject "kurrant" */ = {
			isa = XCConfigurationList;
			buildConfigurations = (
				83CBBA201A601CBA00E9B192 /* Debug */,
				83CBBA211A601CBA00E9B192 /* Release */,
				B028EEAD2980A21000B38B92 /* Staging */,
			);
			defaultConfigurationIsVisible = 0;
			defaultConfigurationName = Release;
		};
/* End XCConfigurationList section */
	};
	rootObject = 83CBB9F71A601CBA00E9B192 /* Project object */;
}
